// !$*UTF8*$!
{
	archiveVersion = 1;
	classes = {
	};
	objectVersion = 46;
	objects = {

/* Begin PBXBuildFile section */
		718065A61A7D92F00052486D /* LPPopLike.m in Sources */ = {isa = PBXBuildFile; fileRef = 718065A51A7D92F00052486D /* LPPopLike.m */; };
		D6008A201A6716D00057771A /* LPFeedTableViewController.m in Sources */ = {isa = PBXBuildFile; fileRef = D6008A1F1A6716D00057771A /* LPFeedTableViewController.m */; };
		D6008A241A67269F0057771A /* LPNewPopTableViewController.m in Sources */ = {isa = PBXBuildFile; fileRef = D6008A231A67269F0057771A /* LPNewPopTableViewController.m */; };
		D6008A271A675E8D0057771A /* LPPermissionValidator.m in Sources */ = {isa = PBXBuildFile; fileRef = D6008A261A675E8D0057771A /* LPPermissionValidator.m */; };
		D6008A2A1A67FD990057771A /* LPPop.m in Sources */ = {isa = PBXBuildFile; fileRef = D6008A291A67FD990057771A /* LPPop.m */; };
		D601CA781A76C10000344F0C /* LPPopDetailTableViewController.m in Sources */ = {isa = PBXBuildFile; fileRef = D601CA771A76C10000344F0C /* LPPopDetailTableViewController.m */; };
		D601CA801A798ABE00344F0C /* picture-25.png in Resources */ = {isa = PBXBuildFile; fileRef = D601CA7F1A798ABE00344F0C /* picture-25.png */; };
		D601CA821A79B1C300344F0C /* Firebase.framework in Frameworks */ = {isa = PBXBuildFile; fileRef = D601CA811A79B1C300344F0C /* Firebase.framework */; };
		D601CA841A79B1FA00344F0C /* libicucore.dylib in Frameworks */ = {isa = PBXBuildFile; fileRef = D601CA831A79B1FA00344F0C /* libicucore.dylib */; };
		D601CA861A79B20300344F0C /* libc++.dylib in Frameworks */ = {isa = PBXBuildFile; fileRef = D601CA851A79B20300344F0C /* libc++.dylib */; };
		D601CA881A79B3A100344F0C /* Social.framework in Frameworks */ = {isa = PBXBuildFile; fileRef = D601CA871A79B3A100344F0C /* Social.framework */; };
		D601CA8A1A79B3A800344F0C /* Accounts.framework in Frameworks */ = {isa = PBXBuildFile; fileRef = D601CA891A79B3A800344F0C /* Accounts.framework */; };
		D66CC8B31A60DD8C007B9992 /* main.m in Sources */ = {isa = PBXBuildFile; fileRef = D66CC8B21A60DD8C007B9992 /* main.m */; };
		D66CC8B61A60DD8C007B9992 /* AppDelegate.m in Sources */ = {isa = PBXBuildFile; fileRef = D66CC8B51A60DD8C007B9992 /* AppDelegate.m */; };
		D66CC8BC1A60DD8C007B9992 /* Main.storyboard in Resources */ = {isa = PBXBuildFile; fileRef = D66CC8BA1A60DD8C007B9992 /* Main.storyboard */; };
		D66CC8BE1A60DD8C007B9992 /* Images.xcassets in Resources */ = {isa = PBXBuildFile; fileRef = D66CC8BD1A60DD8C007B9992 /* Images.xcassets */; };
		D66CC8C11A60DD8C007B9992 /* LaunchScreen.xib in Resources */ = {isa = PBXBuildFile; fileRef = D66CC8BF1A60DD8C007B9992 /* LaunchScreen.xib */; };
		D66CC8CD1A60DD8C007B9992 /* LopopTests.m in Sources */ = {isa = PBXBuildFile; fileRef = D66CC8CC1A60DD8C007B9992 /* LopopTests.m */; };
		D66CC8E01A60E6A6007B9992 /* AudioToolbox.framework in Frameworks */ = {isa = PBXBuildFile; fileRef = D66CC8DF1A60E6A6007B9992 /* AudioToolbox.framework */; };
		D66CC8E21A60E6AC007B9992 /* CFNetwork.framework in Frameworks */ = {isa = PBXBuildFile; fileRef = D66CC8E11A60E6AC007B9992 /* CFNetwork.framework */; };
		D66CC8E41A60E6B3007B9992 /* CoreGraphics.framework in Frameworks */ = {isa = PBXBuildFile; fileRef = D66CC8E31A60E6B3007B9992 /* CoreGraphics.framework */; };
		D66CC8E61A60E6BC007B9992 /* CoreLocation.framework in Frameworks */ = {isa = PBXBuildFile; fileRef = D66CC8E51A60E6BC007B9992 /* CoreLocation.framework */; };
		D66CC8E81A60E6C5007B9992 /* MobileCoreServices.framework in Frameworks */ = {isa = PBXBuildFile; fileRef = D66CC8E71A60E6C5007B9992 /* MobileCoreServices.framework */; };
		D66CC8EA1A60E6D1007B9992 /* QuartzCore.framework in Frameworks */ = {isa = PBXBuildFile; fileRef = D66CC8E91A60E6D1007B9992 /* QuartzCore.framework */; };
		D66CC8EC1A60E6D8007B9992 /* Security.framework in Frameworks */ = {isa = PBXBuildFile; fileRef = D66CC8EB1A60E6D8007B9992 /* Security.framework */; };
		D66CC8EE1A60E6DF007B9992 /* StoreKit.framework in Frameworks */ = {isa = PBXBuildFile; fileRef = D66CC8ED1A60E6DF007B9992 /* StoreKit.framework */; };
		D66CC8F01A60E6E6007B9992 /* SystemConfiguration.framework in Frameworks */ = {isa = PBXBuildFile; fileRef = D66CC8EF1A60E6E6007B9992 /* SystemConfiguration.framework */; };
		D66CC8F21A60E6ED007B9992 /* libz.dylib in Frameworks */ = {isa = PBXBuildFile; fileRef = D66CC8F11A60E6ED007B9992 /* libz.dylib */; };
		D66CC8F41A60E6F3007B9992 /* libsqlite3.dylib in Frameworks */ = {isa = PBXBuildFile; fileRef = D66CC8F31A60E6F3007B9992 /* libsqlite3.dylib */; };
		D66CC9011A619A86007B9992 /* LPSignUpViewController.m in Sources */ = {isa = PBXBuildFile; fileRef = D66CC9001A619A86007B9992 /* LPSignUpViewController.m */; };
		D66CC9041A619A9C007B9992 /* LPSignUpDetailViewController.m in Sources */ = {isa = PBXBuildFile; fileRef = D66CC9031A619A9C007B9992 /* LPSignUpDetailViewController.m */; };
		D66CC9071A619AB3007B9992 /* LPUserProfileViewController.m in Sources */ = {isa = PBXBuildFile; fileRef = D66CC9061A619AB3007B9992 /* LPUserProfileViewController.m */; };
		D66CC9121A619E97007B9992 /* signup_view_1.jpg in Resources */ = {isa = PBXBuildFile; fileRef = D66CC9101A619E97007B9992 /* signup_view_1.jpg */; };
		D66CC9131A619E97007B9992 /* signup_view.jpg in Resources */ = {isa = PBXBuildFile; fileRef = D66CC9111A619E97007B9992 /* signup_view.jpg */; };
		D683F2A51A6F459100117D36 /* LPPopCategoryTableViewController.m in Sources */ = {isa = PBXBuildFile; fileRef = D683F2A41A6F459100117D36 /* LPPopCategoryTableViewController.m */; };
		D683F2A71A6FFD3B00117D36 /* MapKit.framework in Frameworks */ = {isa = PBXBuildFile; fileRef = D683F2A61A6FFD3B00117D36 /* MapKit.framework */; };
		D683F2B31A70438C00117D36 /* plus-32.png in Resources */ = {isa = PBXBuildFile; fileRef = D683F2B21A70438C00117D36 /* plus-32.png */; };
		D6A5D7BF1A80087700A631CD /* RateView.m in Sources */ = {isa = PBXBuildFile; fileRef = D6A5D7BE1A80087700A631CD /* RateView.m */; };
		D6A5D7C41A80090A00A631CD /* LPUserRatingView.m in Sources */ = {isa = PBXBuildFile; fileRef = D6A5D7C31A80090A00A631CD /* LPUserRatingView.m */; };
		D6A5D7DA1A8153C700A631CD /* Oval 1.png in Resources */ = {isa = PBXBuildFile; fileRef = D6A5D7D71A8153C700A631CD /* Oval 1.png */; };
		D6A5D7DB1A8153C700A631CD /* Oval 1@2x.png in Resources */ = {isa = PBXBuildFile; fileRef = D6A5D7D81A8153C700A631CD /* Oval 1@2x.png */; };
		D6A5D7DC1A8153C700A631CD /* Oval 1@3x.png in Resources */ = {isa = PBXBuildFile; fileRef = D6A5D7D91A8153C700A631CD /* Oval 1@3x.png */; };
		D6A5D7DF1A8157CF00A631CD /* LPPopLocationViewController.m in Sources */ = {isa = PBXBuildFile; fileRef = D6A5D7DE1A8157CF00A631CD /* LPPopLocationViewController.m */; };
		D6A5D7E51A82A8DC00A631CD /* pop.png in Resources */ = {isa = PBXBuildFile; fileRef = D6A5D7E21A82A8DC00A631CD /* pop.png */; };
		D6A5D7E61A82A8DC00A631CD /* pop@2x.png in Resources */ = {isa = PBXBuildFile; fileRef = D6A5D7E31A82A8DC00A631CD /* pop@2x.png */; };
		D6A5D7E71A82A8DC00A631CD /* pop@3x.png in Resources */ = {isa = PBXBuildFile; fileRef = D6A5D7E41A82A8DC00A631CD /* pop@3x.png */; };
		D6AB468F1A7AA7DB001BCCFC /* LPUIHelper.m in Sources */ = {isa = PBXBuildFile; fileRef = D6AB468E1A7AA7DB001BCCFC /* LPUIHelper.m */; };
		D6AB46931A7AAA0B001BCCFC /* LPAlertViewHelper.m in Sources */ = {isa = PBXBuildFile; fileRef = D6AB46921A7AAA0B001BCCFC /* LPAlertViewHelper.m */; };
		D6AB469A1A7B0004001BCCFC /* LPUserRelationship.m in Sources */ = {isa = PBXBuildFile; fileRef = D6AB46991A7B0004001BCCFC /* LPUserRelationship.m */; };
		D6AB469E1A7B21B8001BCCFC /* LPSettingsViewController.m in Sources */ = {isa = PBXBuildFile; fileRef = D6AB469D1A7B21B8001BCCFC /* LPSettingsViewController.m */; };
		D6AB46A41A7C01A9001BCCFC /* LPFollowerTableViewController.m in Sources */ = {isa = PBXBuildFile; fileRef = D6AB46A31A7C01A9001BCCFC /* LPFollowerTableViewController.m */; };
		D6AF512E1A635CD600A02C90 /* Parse.framework in Frameworks */ = {isa = PBXBuildFile; fileRef = D6AF512B1A635CD600A02C90 /* Parse.framework */; };
		D6AF512F1A635CD600A02C90 /* ParseFacebookUtils.framework in Frameworks */ = {isa = PBXBuildFile; fileRef = D6AF512C1A635CD600A02C90 /* ParseFacebookUtils.framework */; };
		D6BD4AA41A7D77760094732A /* blur_signup_view.png in Resources */ = {isa = PBXBuildFile; fileRef = D6BD4AA31A7D77760094732A /* blur_signup_view.png */; };
		D6C503211A6EB3DC00C18241 /* photo-25.png in Resources */ = {isa = PBXBuildFile; fileRef = D6C503201A6EB3DC00C18241 /* photo-25.png */; };
		D6CAF27F1A7D65A700F48E6E /* LPUserHelper.m in Sources */ = {isa = PBXBuildFile; fileRef = D6CAF27E1A7D65A700F48E6E /* LPUserHelper.m */; };
		D6DBD6F81A743E8F009F6FFE /* LPPopFeedTableViewCell.m in Sources */ = {isa = PBXBuildFile; fileRef = D6DBD6F71A743E8F009F6FFE /* LPPopFeedTableViewCell.m */; };
		D6E6EB0D1A646019008085F7 /* LPSignUpTableViewController.m in Sources */ = {isa = PBXBuildFile; fileRef = D6E6EB0C1A646019008085F7 /* LPSignUpTableViewController.m */; };
		D6E6EB111A647133008085F7 /* UIImage+ImageEffects.m in Sources */ = {isa = PBXBuildFile; fileRef = D6E6EB101A647133008085F7 /* UIImage+ImageEffects.m */; };
		D6E6EB141A64D6B2008085F7 /* LPFormValidator.m in Sources */ = {isa = PBXBuildFile; fileRef = D6E6EB131A64D6B2008085F7 /* LPFormValidator.m */; };
		D6E6EB181A65914E008085F7 /* LPMainViewTabBarController.m in Sources */ = {isa = PBXBuildFile; fileRef = D6E6EB171A65914E008085F7 /* LPMainViewTabBarController.m */; };
		D6F63A4B1A6C390A008D08F5 /* FacebookSDK.framework in Frameworks */ = {isa = PBXBuildFile; fileRef = D6F63A491A6C390A008D08F5 /* FacebookSDK.framework */; };
/* End PBXBuildFile section */

/* Begin PBXContainerItemProxy section */
		D66CC8C71A60DD8C007B9992 /* PBXContainerItemProxy */ = {
			isa = PBXContainerItemProxy;
			containerPortal = D66CC8A51A60DD8C007B9992 /* Project object */;
			proxyType = 1;
			remoteGlobalIDString = D66CC8AC1A60DD8C007B9992;
			remoteInfo = Lopop;
		};
/* End PBXContainerItemProxy section */

/* Begin PBXFileReference section */
		718065A41A7D92F00052486D /* LPPopLike.h */ = {isa = PBXFileReference; fileEncoding = 4; lastKnownFileType = sourcecode.c.h; name = LPPopLike.h; path = Models/LPPopLike.h; sourceTree = "<group>"; };
		718065A51A7D92F00052486D /* LPPopLike.m */ = {isa = PBXFileReference; fileEncoding = 4; lastKnownFileType = sourcecode.c.objc; name = LPPopLike.m; path = Models/LPPopLike.m; sourceTree = "<group>"; };
		D6008A1E1A6716D00057771A /* LPFeedTableViewController.h */ = {isa = PBXFileReference; fileEncoding = 4; lastKnownFileType = sourcecode.c.h; name = LPFeedTableViewController.h; path = Controllers/MainView/Feed/LPFeedTableViewController.h; sourceTree = "<group>"; };
		D6008A1F1A6716D00057771A /* LPFeedTableViewController.m */ = {isa = PBXFileReference; fileEncoding = 4; lastKnownFileType = sourcecode.c.objc; name = LPFeedTableViewController.m; path = Controllers/MainView/Feed/LPFeedTableViewController.m; sourceTree = "<group>"; };
		D6008A221A67269F0057771A /* LPNewPopTableViewController.h */ = {isa = PBXFileReference; fileEncoding = 4; lastKnownFileType = sourcecode.c.h; name = LPNewPopTableViewController.h; path = Controllers/MainView/Pop/LPNewPopTableViewController.h; sourceTree = "<group>"; };
		D6008A231A67269F0057771A /* LPNewPopTableViewController.m */ = {isa = PBXFileReference; fileEncoding = 4; lastKnownFileType = sourcecode.c.objc; name = LPNewPopTableViewController.m; path = Controllers/MainView/Pop/LPNewPopTableViewController.m; sourceTree = "<group>"; };
		D6008A251A675E8D0057771A /* LPPermissionValidator.h */ = {isa = PBXFileReference; fileEncoding = 4; lastKnownFileType = sourcecode.c.h; name = LPPermissionValidator.h; path = Helpers/LPPermissionValidator.h; sourceTree = "<group>"; };
		D6008A261A675E8D0057771A /* LPPermissionValidator.m */ = {isa = PBXFileReference; fileEncoding = 4; lastKnownFileType = sourcecode.c.objc; name = LPPermissionValidator.m; path = Helpers/LPPermissionValidator.m; sourceTree = "<group>"; };
		D6008A281A67FD990057771A /* LPPop.h */ = {isa = PBXFileReference; fileEncoding = 4; lastKnownFileType = sourcecode.c.h; name = LPPop.h; path = Models/LPPop.h; sourceTree = "<group>"; };
		D6008A291A67FD990057771A /* LPPop.m */ = {isa = PBXFileReference; fileEncoding = 4; lastKnownFileType = sourcecode.c.objc; name = LPPop.m; path = Models/LPPop.m; sourceTree = "<group>"; };
		D601CA761A76C10000344F0C /* LPPopDetailTableViewController.h */ = {isa = PBXFileReference; fileEncoding = 4; lastKnownFileType = sourcecode.c.h; name = LPPopDetailTableViewController.h; path = Controllers/MainView/Feed/LPPopDetailTableViewController.h; sourceTree = "<group>"; };
		D601CA771A76C10000344F0C /* LPPopDetailTableViewController.m */ = {isa = PBXFileReference; fileEncoding = 4; lastKnownFileType = sourcecode.c.objc; name = LPPopDetailTableViewController.m; path = Controllers/MainView/Feed/LPPopDetailTableViewController.m; sourceTree = "<group>"; };
		D601CA7F1A798ABE00344F0C /* picture-25.png */ = {isa = PBXFileReference; lastKnownFileType = image.png; name = "picture-25.png"; path = "Resources/Images/TabBarIcons/picture-25.png"; sourceTree = "<group>"; };
		D601CA811A79B1C300344F0C /* Firebase.framework */ = {isa = PBXFileReference; lastKnownFileType = wrapper.framework; name = Firebase.framework; path = Frameworks/Firebase.framework; sourceTree = "<group>"; };
		D601CA831A79B1FA00344F0C /* libicucore.dylib */ = {isa = PBXFileReference; lastKnownFileType = "compiled.mach-o.dylib"; name = libicucore.dylib; path = usr/lib/libicucore.dylib; sourceTree = SDKROOT; };
		D601CA851A79B20300344F0C /* libc++.dylib */ = {isa = PBXFileReference; lastKnownFileType = "compiled.mach-o.dylib"; name = "libc++.dylib"; path = "usr/lib/libc++.dylib"; sourceTree = SDKROOT; };
		D601CA871A79B3A100344F0C /* Social.framework */ = {isa = PBXFileReference; lastKnownFileType = wrapper.framework; name = Social.framework; path = System/Library/Frameworks/Social.framework; sourceTree = SDKROOT; };
		D601CA891A79B3A800344F0C /* Accounts.framework */ = {isa = PBXFileReference; lastKnownFileType = wrapper.framework; name = Accounts.framework; path = System/Library/Frameworks/Accounts.framework; sourceTree = SDKROOT; };
		D66CC8AD1A60DD8C007B9992 /* Lopop.app */ = {isa = PBXFileReference; explicitFileType = wrapper.application; includeInIndex = 0; path = Lopop.app; sourceTree = BUILT_PRODUCTS_DIR; };
		D66CC8B11A60DD8C007B9992 /* Info.plist */ = {isa = PBXFileReference; lastKnownFileType = text.plist.xml; path = Info.plist; sourceTree = "<group>"; };
		D66CC8B21A60DD8C007B9992 /* main.m */ = {isa = PBXFileReference; lastKnownFileType = sourcecode.c.objc; path = main.m; sourceTree = "<group>"; };
		D66CC8B41A60DD8C007B9992 /* AppDelegate.h */ = {isa = PBXFileReference; lastKnownFileType = sourcecode.c.h; path = AppDelegate.h; sourceTree = "<group>"; };
		D66CC8B51A60DD8C007B9992 /* AppDelegate.m */ = {isa = PBXFileReference; lastKnownFileType = sourcecode.c.objc; path = AppDelegate.m; sourceTree = "<group>"; };
		D66CC8BB1A60DD8C007B9992 /* Base */ = {isa = PBXFileReference; lastKnownFileType = file.storyboard; name = Base; path = Base.lproj/Main.storyboard; sourceTree = "<group>"; };
		D66CC8BD1A60DD8C007B9992 /* Images.xcassets */ = {isa = PBXFileReference; lastKnownFileType = folder.assetcatalog; path = Images.xcassets; sourceTree = "<group>"; };
		D66CC8C01A60DD8C007B9992 /* Base */ = {isa = PBXFileReference; lastKnownFileType = file.xib; name = Base; path = Base.lproj/LaunchScreen.xib; sourceTree = "<group>"; };
		D66CC8C61A60DD8C007B9992 /* LopopTests.xctest */ = {isa = PBXFileReference; explicitFileType = wrapper.cfbundle; includeInIndex = 0; path = LopopTests.xctest; sourceTree = BUILT_PRODUCTS_DIR; };
		D66CC8CB1A60DD8C007B9992 /* Info.plist */ = {isa = PBXFileReference; lastKnownFileType = text.plist.xml; path = Info.plist; sourceTree = "<group>"; };
		D66CC8CC1A60DD8C007B9992 /* LopopTests.m */ = {isa = PBXFileReference; lastKnownFileType = sourcecode.c.objc; path = LopopTests.m; sourceTree = "<group>"; };
		D66CC8DF1A60E6A6007B9992 /* AudioToolbox.framework */ = {isa = PBXFileReference; lastKnownFileType = wrapper.framework; name = AudioToolbox.framework; path = System/Library/Frameworks/AudioToolbox.framework; sourceTree = SDKROOT; };
		D66CC8E11A60E6AC007B9992 /* CFNetwork.framework */ = {isa = PBXFileReference; lastKnownFileType = wrapper.framework; name = CFNetwork.framework; path = System/Library/Frameworks/CFNetwork.framework; sourceTree = SDKROOT; };
		D66CC8E31A60E6B3007B9992 /* CoreGraphics.framework */ = {isa = PBXFileReference; lastKnownFileType = wrapper.framework; name = CoreGraphics.framework; path = System/Library/Frameworks/CoreGraphics.framework; sourceTree = SDKROOT; };
		D66CC8E51A60E6BC007B9992 /* CoreLocation.framework */ = {isa = PBXFileReference; lastKnownFileType = wrapper.framework; name = CoreLocation.framework; path = System/Library/Frameworks/CoreLocation.framework; sourceTree = SDKROOT; };
		D66CC8E71A60E6C5007B9992 /* MobileCoreServices.framework */ = {isa = PBXFileReference; lastKnownFileType = wrapper.framework; name = MobileCoreServices.framework; path = System/Library/Frameworks/MobileCoreServices.framework; sourceTree = SDKROOT; };
		D66CC8E91A60E6D1007B9992 /* QuartzCore.framework */ = {isa = PBXFileReference; lastKnownFileType = wrapper.framework; name = QuartzCore.framework; path = System/Library/Frameworks/QuartzCore.framework; sourceTree = SDKROOT; };
		D66CC8EB1A60E6D8007B9992 /* Security.framework */ = {isa = PBXFileReference; lastKnownFileType = wrapper.framework; name = Security.framework; path = System/Library/Frameworks/Security.framework; sourceTree = SDKROOT; };
		D66CC8ED1A60E6DF007B9992 /* StoreKit.framework */ = {isa = PBXFileReference; lastKnownFileType = wrapper.framework; name = StoreKit.framework; path = System/Library/Frameworks/StoreKit.framework; sourceTree = SDKROOT; };
		D66CC8EF1A60E6E6007B9992 /* SystemConfiguration.framework */ = {isa = PBXFileReference; lastKnownFileType = wrapper.framework; name = SystemConfiguration.framework; path = System/Library/Frameworks/SystemConfiguration.framework; sourceTree = SDKROOT; };
		D66CC8F11A60E6ED007B9992 /* libz.dylib */ = {isa = PBXFileReference; lastKnownFileType = "compiled.mach-o.dylib"; name = libz.dylib; path = usr/lib/libz.dylib; sourceTree = SDKROOT; };
		D66CC8F31A60E6F3007B9992 /* libsqlite3.dylib */ = {isa = PBXFileReference; lastKnownFileType = "compiled.mach-o.dylib"; name = libsqlite3.dylib; path = usr/lib/libsqlite3.dylib; sourceTree = SDKROOT; };
		D66CC8FF1A619A86007B9992 /* LPSignUpViewController.h */ = {isa = PBXFileReference; fileEncoding = 4; lastKnownFileType = sourcecode.c.h; name = LPSignUpViewController.h; path = Controllers/User/Login/LPSignUpViewController.h; sourceTree = "<group>"; };
		D66CC9001A619A86007B9992 /* LPSignUpViewController.m */ = {isa = PBXFileReference; fileEncoding = 4; lastKnownFileType = sourcecode.c.objc; name = LPSignUpViewController.m; path = Controllers/User/Login/LPSignUpViewController.m; sourceTree = "<group>"; };
		D66CC9021A619A9C007B9992 /* LPSignUpDetailViewController.h */ = {isa = PBXFileReference; fileEncoding = 4; lastKnownFileType = sourcecode.c.h; name = LPSignUpDetailViewController.h; path = Controllers/User/Login/LPSignUpDetailViewController.h; sourceTree = "<group>"; };
		D66CC9031A619A9C007B9992 /* LPSignUpDetailViewController.m */ = {isa = PBXFileReference; fileEncoding = 4; lastKnownFileType = sourcecode.c.objc; name = LPSignUpDetailViewController.m; path = Controllers/User/Login/LPSignUpDetailViewController.m; sourceTree = "<group>"; };
		D66CC9051A619AB3007B9992 /* LPUserProfileViewController.h */ = {isa = PBXFileReference; fileEncoding = 4; lastKnownFileType = sourcecode.c.h; name = LPUserProfileViewController.h; path = Controllers/User/Profile/LPUserProfileViewController.h; sourceTree = "<group>"; };
		D66CC9061A619AB3007B9992 /* LPUserProfileViewController.m */ = {isa = PBXFileReference; fileEncoding = 4; lastKnownFileType = sourcecode.c.objc; name = LPUserProfileViewController.m; path = Controllers/User/Profile/LPUserProfileViewController.m; sourceTree = "<group>"; };
		D66CC9101A619E97007B9992 /* signup_view_1.jpg */ = {isa = PBXFileReference; lastKnownFileType = image.jpeg; name = signup_view_1.jpg; path = Resources/Images/signup_view_1.jpg; sourceTree = "<group>"; };
		D66CC9111A619E97007B9992 /* signup_view.jpg */ = {isa = PBXFileReference; lastKnownFileType = image.jpeg; name = signup_view.jpg; path = Resources/Images/signup_view.jpg; sourceTree = "<group>"; };
		D683F2A31A6F459100117D36 /* LPPopCategoryTableViewController.h */ = {isa = PBXFileReference; fileEncoding = 4; lastKnownFileType = sourcecode.c.h; name = LPPopCategoryTableViewController.h; path = Controllers/MainView/Pop/LPPopCategoryTableViewController.h; sourceTree = "<group>"; };
		D683F2A41A6F459100117D36 /* LPPopCategoryTableViewController.m */ = {isa = PBXFileReference; fileEncoding = 4; lastKnownFileType = sourcecode.c.objc; name = LPPopCategoryTableViewController.m; path = Controllers/MainView/Pop/LPPopCategoryTableViewController.m; sourceTree = "<group>"; };
		D683F2A61A6FFD3B00117D36 /* MapKit.framework */ = {isa = PBXFileReference; lastKnownFileType = wrapper.framework; name = MapKit.framework; path = System/Library/Frameworks/MapKit.framework; sourceTree = SDKROOT; };
		D683F2B21A70438C00117D36 /* plus-32.png */ = {isa = PBXFileReference; lastKnownFileType = image.png; name = "plus-32.png"; path = "Resources/Images/TabBarIcons/plus-32.png"; sourceTree = "<group>"; };
		D6A5D7BD1A80087700A631CD /* RateView.h */ = {isa = PBXFileReference; fileEncoding = 4; lastKnownFileType = sourcecode.c.h; name = RateView.h; path = Vendors/Libs/RateView/RateView.h; sourceTree = "<group>"; };
		D6A5D7BE1A80087700A631CD /* RateView.m */ = {isa = PBXFileReference; fileEncoding = 4; lastKnownFileType = sourcecode.c.objc; name = RateView.m; path = Vendors/Libs/RateView/RateView.m; sourceTree = "<group>"; };
		D6A5D7C21A80090A00A631CD /* LPUserRatingView.h */ = {isa = PBXFileReference; fileEncoding = 4; lastKnownFileType = sourcecode.c.h; name = LPUserRatingView.h; path = Views/MainView/Feed/LPUserRatingView.h; sourceTree = "<group>"; };
		D6A5D7C31A80090A00A631CD /* LPUserRatingView.m */ = {isa = PBXFileReference; fileEncoding = 4; lastKnownFileType = sourcecode.c.objc; name = LPUserRatingView.m; path = Views/MainView/Feed/LPUserRatingView.m; sourceTree = "<group>"; };
		D6A5D7D71A8153C700A631CD /* Oval 1.png */ = {isa = PBXFileReference; lastKnownFileType = image.png; name = "Oval 1.png"; path = "Resources/Images/icons/Oval 1.png"; sourceTree = "<group>"; };
		D6A5D7D81A8153C700A631CD /* Oval 1@2x.png */ = {isa = PBXFileReference; lastKnownFileType = image.png; name = "Oval 1@2x.png"; path = "Resources/Images/icons/Oval 1@2x.png"; sourceTree = "<group>"; };
		D6A5D7D91A8153C700A631CD /* Oval 1@3x.png */ = {isa = PBXFileReference; lastKnownFileType = image.png; name = "Oval 1@3x.png"; path = "Resources/Images/icons/Oval 1@3x.png"; sourceTree = "<group>"; };
		D6A5D7DD1A8157CF00A631CD /* LPPopLocationViewController.h */ = {isa = PBXFileReference; fileEncoding = 4; lastKnownFileType = sourcecode.c.h; name = LPPopLocationViewController.h; path = Controllers/MainView/Feed/LPPopLocationViewController.h; sourceTree = "<group>"; };
		D6A5D7DE1A8157CF00A631CD /* LPPopLocationViewController.m */ = {isa = PBXFileReference; fileEncoding = 4; lastKnownFileType = sourcecode.c.objc; name = LPPopLocationViewController.m; path = Controllers/MainView/Feed/LPPopLocationViewController.m; sourceTree = "<group>"; };
		D6A5D7E21A82A8DC00A631CD /* pop.png */ = {isa = PBXFileReference; lastKnownFileType = image.png; name = pop.png; path = Resources/Images/icons/pop.png; sourceTree = "<group>"; };
		D6A5D7E31A82A8DC00A631CD /* pop@2x.png */ = {isa = PBXFileReference; lastKnownFileType = image.png; name = "pop@2x.png"; path = "Resources/Images/icons/pop@2x.png"; sourceTree = "<group>"; };
		D6A5D7E41A82A8DC00A631CD /* pop@3x.png */ = {isa = PBXFileReference; lastKnownFileType = image.png; name = "pop@3x.png"; path = "Resources/Images/icons/pop@3x.png"; sourceTree = "<group>"; };
		D6AB468D1A7AA7DB001BCCFC /* LPUIHelper.h */ = {isa = PBXFileReference; fileEncoding = 4; lastKnownFileType = sourcecode.c.h; name = LPUIHelper.h; path = Helpers/UI/LPUIHelper.h; sourceTree = "<group>"; };
		D6AB468E1A7AA7DB001BCCFC /* LPUIHelper.m */ = {isa = PBXFileReference; fileEncoding = 4; lastKnownFileType = sourcecode.c.objc; name = LPUIHelper.m; path = Helpers/UI/LPUIHelper.m; sourceTree = "<group>"; };
		D6AB46911A7AAA0B001BCCFC /* LPAlertViewHelper.h */ = {isa = PBXFileReference; fileEncoding = 4; lastKnownFileType = sourcecode.c.h; name = LPAlertViewHelper.h; path = Helpers/Alert/LPAlertViewHelper.h; sourceTree = "<group>"; };
		D6AB46921A7AAA0B001BCCFC /* LPAlertViewHelper.m */ = {isa = PBXFileReference; fileEncoding = 4; lastKnownFileType = sourcecode.c.objc; name = LPAlertViewHelper.m; path = Helpers/Alert/LPAlertViewHelper.m; sourceTree = "<group>"; };
		D6AB46981A7B0004001BCCFC /* LPUserRelationship.h */ = {isa = PBXFileReference; fileEncoding = 4; lastKnownFileType = sourcecode.c.h; name = LPUserRelationship.h; path = Models/LPUserRelationship.h; sourceTree = "<group>"; };
		D6AB46991A7B0004001BCCFC /* LPUserRelationship.m */ = {isa = PBXFileReference; fileEncoding = 4; lastKnownFileType = sourcecode.c.objc; name = LPUserRelationship.m; path = Models/LPUserRelationship.m; sourceTree = "<group>"; };
		D6AB469C1A7B21B8001BCCFC /* LPSettingsViewController.h */ = {isa = PBXFileReference; fileEncoding = 4; lastKnownFileType = sourcecode.c.h; name = LPSettingsViewController.h; path = Controllers/MainView/Settings/LPSettingsViewController.h; sourceTree = "<group>"; };
		D6AB469D1A7B21B8001BCCFC /* LPSettingsViewController.m */ = {isa = PBXFileReference; fileEncoding = 4; lastKnownFileType = sourcecode.c.objc; name = LPSettingsViewController.m; path = Controllers/MainView/Settings/LPSettingsViewController.m; sourceTree = "<group>"; };
		D6AB46A21A7C01A9001BCCFC /* LPFollowerTableViewController.h */ = {isa = PBXFileReference; fileEncoding = 4; lastKnownFileType = sourcecode.c.h; path = LPFollowerTableViewController.h; sourceTree = "<group>"; };
		D6AB46A31A7C01A9001BCCFC /* LPFollowerTableViewController.m */ = {isa = PBXFileReference; fileEncoding = 4; lastKnownFileType = sourcecode.c.objc; path = LPFollowerTableViewController.m; sourceTree = "<group>"; };
		D6AF512B1A635CD600A02C90 /* Parse.framework */ = {isa = PBXFileReference; lastKnownFileType = wrapper.framework; name = Parse.framework; path = Frameworks/Parse.framework; sourceTree = "<group>"; };
		D6AF512C1A635CD600A02C90 /* ParseFacebookUtils.framework */ = {isa = PBXFileReference; lastKnownFileType = wrapper.framework; name = ParseFacebookUtils.framework; path = Frameworks/ParseFacebookUtils.framework; sourceTree = "<group>"; };
		D6BD4AA31A7D77760094732A /* blur_signup_view.png */ = {isa = PBXFileReference; lastKnownFileType = image.png; name = blur_signup_view.png; path = Resources/Images/blur_signup_view.png; sourceTree = "<group>"; };
		D6C503201A6EB3DC00C18241 /* photo-25.png */ = {isa = PBXFileReference; lastKnownFileType = image.png; name = "photo-25.png"; path = "Resources/Images/TabBarIcons/photo-25.png"; sourceTree = "<group>"; };
		D6CAF27D1A7D65A700F48E6E /* LPUserHelper.h */ = {isa = PBXFileReference; fileEncoding = 4; lastKnownFileType = sourcecode.c.h; name = LPUserHelper.h; path = Helpers/User/LPUserHelper.h; sourceTree = "<group>"; };
		D6CAF27E1A7D65A700F48E6E /* LPUserHelper.m */ = {isa = PBXFileReference; fileEncoding = 4; lastKnownFileType = sourcecode.c.objc; name = LPUserHelper.m; path = Helpers/User/LPUserHelper.m; sourceTree = "<group>"; };
		D6DBD6F61A743E8F009F6FFE /* LPPopFeedTableViewCell.h */ = {isa = PBXFileReference; fileEncoding = 4; lastKnownFileType = sourcecode.c.h; name = LPPopFeedTableViewCell.h; path = Views/MainView/Feed/LPPopFeedTableViewCell.h; sourceTree = "<group>"; };
		D6DBD6F71A743E8F009F6FFE /* LPPopFeedTableViewCell.m */ = {isa = PBXFileReference; fileEncoding = 4; lastKnownFileType = sourcecode.c.objc; name = LPPopFeedTableViewCell.m; path = Views/MainView/Feed/LPPopFeedTableViewCell.m; sourceTree = "<group>"; };
		D6E6EB0B1A646019008085F7 /* LPSignUpTableViewController.h */ = {isa = PBXFileReference; fileEncoding = 4; lastKnownFileType = sourcecode.c.h; name = LPSignUpTableViewController.h; path = Controllers/User/Login/LPSignUpTableViewController.h; sourceTree = "<group>"; };
		D6E6EB0C1A646019008085F7 /* LPSignUpTableViewController.m */ = {isa = PBXFileReference; fileEncoding = 4; lastKnownFileType = sourcecode.c.objc; name = LPSignUpTableViewController.m; path = Controllers/User/Login/LPSignUpTableViewController.m; sourceTree = "<group>"; };
		D6E6EB0F1A647133008085F7 /* UIImage+ImageEffects.h */ = {isa = PBXFileReference; fileEncoding = 4; lastKnownFileType = sourcecode.c.h; name = "UIImage+ImageEffects.h"; path = "Helpers/UIImage+ImageEffects.h"; sourceTree = "<group>"; };
		D6E6EB101A647133008085F7 /* UIImage+ImageEffects.m */ = {isa = PBXFileReference; fileEncoding = 4; lastKnownFileType = sourcecode.c.objc; name = "UIImage+ImageEffects.m"; path = "Helpers/UIImage+ImageEffects.m"; sourceTree = "<group>"; };
		D6E6EB121A64D6B2008085F7 /* LPFormValidator.h */ = {isa = PBXFileReference; fileEncoding = 4; lastKnownFileType = sourcecode.c.h; name = LPFormValidator.h; path = Helpers/LPFormValidator.h; sourceTree = "<group>"; };
		D6E6EB131A64D6B2008085F7 /* LPFormValidator.m */ = {isa = PBXFileReference; fileEncoding = 4; lastKnownFileType = sourcecode.c.objc; name = LPFormValidator.m; path = Helpers/LPFormValidator.m; sourceTree = "<group>"; };
		D6E6EB161A65914E008085F7 /* LPMainViewTabBarController.h */ = {isa = PBXFileReference; fileEncoding = 4; lastKnownFileType = sourcecode.c.h; name = LPMainViewTabBarController.h; path = Controllers/MainView/LPMainViewTabBarController.h; sourceTree = "<group>"; };
		D6E6EB171A65914E008085F7 /* LPMainViewTabBarController.m */ = {isa = PBXFileReference; fileEncoding = 4; lastKnownFileType = sourcecode.c.objc; name = LPMainViewTabBarController.m; path = Controllers/MainView/LPMainViewTabBarController.m; sourceTree = "<group>"; };
		D6F63A481A6C390A008D08F5 /* Bolts.framework */ = {isa = PBXFileReference; lastKnownFileType = wrapper.framework; name = Bolts.framework; path = Frameworks/Bolts.framework; sourceTree = "<group>"; };
		D6F63A491A6C390A008D08F5 /* FacebookSDK.framework */ = {isa = PBXFileReference; lastKnownFileType = wrapper.framework; name = FacebookSDK.framework; path = Frameworks/FacebookSDK.framework; sourceTree = "<group>"; };
/* End PBXFileReference section */

/* Begin PBXFrameworksBuildPhase section */
		D66CC8AA1A60DD8C007B9992 /* Frameworks */ = {
			isa = PBXFrameworksBuildPhase;
			buildActionMask = 2147483647;
			files = (
				D601CA8A1A79B3A800344F0C /* Accounts.framework in Frameworks */,
				D601CA881A79B3A100344F0C /* Social.framework in Frameworks */,
				D601CA861A79B20300344F0C /* libc++.dylib in Frameworks */,
				D601CA841A79B1FA00344F0C /* libicucore.dylib in Frameworks */,
				D683F2A71A6FFD3B00117D36 /* MapKit.framework in Frameworks */,
				D66CC8F41A60E6F3007B9992 /* libsqlite3.dylib in Frameworks */,
				D66CC8F21A60E6ED007B9992 /* libz.dylib in Frameworks */,
				D6AF512F1A635CD600A02C90 /* ParseFacebookUtils.framework in Frameworks */,
				D66CC8F01A60E6E6007B9992 /* SystemConfiguration.framework in Frameworks */,
				D66CC8EE1A60E6DF007B9992 /* StoreKit.framework in Frameworks */,
				D66CC8EC1A60E6D8007B9992 /* Security.framework in Frameworks */,
				D66CC8EA1A60E6D1007B9992 /* QuartzCore.framework in Frameworks */,
				D6AF512E1A635CD600A02C90 /* Parse.framework in Frameworks */,
				D66CC8E81A60E6C5007B9992 /* MobileCoreServices.framework in Frameworks */,
				D66CC8E61A60E6BC007B9992 /* CoreLocation.framework in Frameworks */,
				D66CC8E41A60E6B3007B9992 /* CoreGraphics.framework in Frameworks */,
				D66CC8E21A60E6AC007B9992 /* CFNetwork.framework in Frameworks */,
				D66CC8E01A60E6A6007B9992 /* AudioToolbox.framework in Frameworks */,
				D6F63A4B1A6C390A008D08F5 /* FacebookSDK.framework in Frameworks */,
				D601CA821A79B1C300344F0C /* Firebase.framework in Frameworks */,
			);
			runOnlyForDeploymentPostprocessing = 0;
		};
		D66CC8C31A60DD8C007B9992 /* Frameworks */ = {
			isa = PBXFrameworksBuildPhase;
			buildActionMask = 2147483647;
			files = (
			);
			runOnlyForDeploymentPostprocessing = 0;
		};
/* End PBXFrameworksBuildPhase section */

/* Begin PBXGroup section */
		D6008A101A65A1340057771A /* TabBarIcons */ = {
			isa = PBXGroup;
			children = (
				D683F2B21A70438C00117D36 /* plus-32.png */,
				D6C503201A6EB3DC00C18241 /* photo-25.png */,
			);
			name = TabBarIcons;
			sourceTree = "<group>";
		};
		D6008A1A1A6711830057771A /* Feed */ = {
			isa = PBXGroup;
			children = (
				D6008A1E1A6716D00057771A /* LPFeedTableViewController.h */,
				D6008A1F1A6716D00057771A /* LPFeedTableViewController.m */,
				D601CA761A76C10000344F0C /* LPPopDetailTableViewController.h */,
				D601CA771A76C10000344F0C /* LPPopDetailTableViewController.m */,
				D6A5D7DD1A8157CF00A631CD /* LPPopLocationViewController.h */,
				D6A5D7DE1A8157CF00A631CD /* LPPopLocationViewController.m */,
			);
			name = Feed;
			sourceTree = "<group>";
		};
		D6008A211A67266F0057771A /* Pop */ = {
			isa = PBXGroup;
			children = (
				D6008A221A67269F0057771A /* LPNewPopTableViewController.h */,
				D6008A231A67269F0057771A /* LPNewPopTableViewController.m */,
				D683F2A31A6F459100117D36 /* LPPopCategoryTableViewController.h */,
				D683F2A41A6F459100117D36 /* LPPopCategoryTableViewController.m */,
			);
			name = Pop;
			sourceTree = "<group>";
		};
		D601CA7E1A798AA600344F0C /* Icons */ = {
			isa = PBXGroup;
			children = (
				D6A5D7E21A82A8DC00A631CD /* pop.png */,
				D6A5D7E31A82A8DC00A631CD /* pop@2x.png */,
				D6A5D7E41A82A8DC00A631CD /* pop@3x.png */,
				D6A5D7D71A8153C700A631CD /* Oval 1.png */,
				D6A5D7D81A8153C700A631CD /* Oval 1@2x.png */,
				D6A5D7D91A8153C700A631CD /* Oval 1@3x.png */,
				D601CA7F1A798ABE00344F0C /* picture-25.png */,
			);
			name = Icons;
			sourceTree = "<group>";
		};
		D66CC8A41A60DD8C007B9992 = {
			isa = PBXGroup;
			children = (
				D6A5D7BA1A80083F00A631CD /* Vendors */,
				D66CC8AF1A60DD8C007B9992 /* Lopop */,
				D66CC9081A619AEB007B9992 /* Resources */,
				D66CC8C91A60DD8C007B9992 /* LopopTests */,
				D66CC8AE1A60DD8C007B9992 /* Products */,
				D66CC8D61A60E152007B9992 /* Frameworks */,
			);
			sourceTree = "<group>";
		};
		D66CC8AE1A60DD8C007B9992 /* Products */ = {
			isa = PBXGroup;
			children = (
				D66CC8AD1A60DD8C007B9992 /* Lopop.app */,
				D66CC8C61A60DD8C007B9992 /* LopopTests.xctest */,
			);
			name = Products;
			sourceTree = "<group>";
		};
		D66CC8AF1A60DD8C007B9992 /* Lopop */ = {
			isa = PBXGroup;
			children = (
				D6E6EB0E1A6470A6008085F7 /* Helpers */,
				D66CC8FE1A6199E8007B9992 /* Application */,
				D66CC8F71A60E9A0007B9992 /* Controllers */,
				D66CC8F61A60E98E007B9992 /* Views */,
				D66CC8F51A60E983007B9992 /* Models */,
				D66CC8BA1A60DD8C007B9992 /* Main.storyboard */,
				D66CC8BD1A60DD8C007B9992 /* Images.xcassets */,
				D66CC8BF1A60DD8C007B9992 /* LaunchScreen.xib */,
				D66CC8B01A60DD8C007B9992 /* Supporting Files */,
			);
			path = Lopop;
			sourceTree = "<group>";
		};
		D66CC8B01A60DD8C007B9992 /* Supporting Files */ = {
			isa = PBXGroup;
			children = (
				D66CC8B11A60DD8C007B9992 /* Info.plist */,
				D66CC8B21A60DD8C007B9992 /* main.m */,
			);
			name = "Supporting Files";
			sourceTree = "<group>";
		};
		D66CC8C91A60DD8C007B9992 /* LopopTests */ = {
			isa = PBXGroup;
			children = (
				D66CC8CC1A60DD8C007B9992 /* LopopTests.m */,
				D66CC8CA1A60DD8C007B9992 /* Supporting Files */,
			);
			path = LopopTests;
			sourceTree = "<group>";
		};
		D66CC8CA1A60DD8C007B9992 /* Supporting Files */ = {
			isa = PBXGroup;
			children = (
				D66CC8CB1A60DD8C007B9992 /* Info.plist */,
			);
			name = "Supporting Files";
			sourceTree = "<group>";
		};
		D66CC8D61A60E152007B9992 /* Frameworks */ = {
			isa = PBXGroup;
			children = (
				D601CA891A79B3A800344F0C /* Accounts.framework */,
				D601CA871A79B3A100344F0C /* Social.framework */,
				D601CA851A79B20300344F0C /* libc++.dylib */,
				D601CA831A79B1FA00344F0C /* libicucore.dylib */,
				D601CA811A79B1C300344F0C /* Firebase.framework */,
				D683F2A61A6FFD3B00117D36 /* MapKit.framework */,
				D6F63A481A6C390A008D08F5 /* Bolts.framework */,
				D6F63A491A6C390A008D08F5 /* FacebookSDK.framework */,
				D6AF512B1A635CD600A02C90 /* Parse.framework */,
				D6AF512C1A635CD600A02C90 /* ParseFacebookUtils.framework */,
				D66CC8F31A60E6F3007B9992 /* libsqlite3.dylib */,
				D66CC8F11A60E6ED007B9992 /* libz.dylib */,
				D66CC8EF1A60E6E6007B9992 /* SystemConfiguration.framework */,
				D66CC8ED1A60E6DF007B9992 /* StoreKit.framework */,
				D66CC8EB1A60E6D8007B9992 /* Security.framework */,
				D66CC8E91A60E6D1007B9992 /* QuartzCore.framework */,
				D66CC8E71A60E6C5007B9992 /* MobileCoreServices.framework */,
				D66CC8E51A60E6BC007B9992 /* CoreLocation.framework */,
				D66CC8E31A60E6B3007B9992 /* CoreGraphics.framework */,
				D66CC8E11A60E6AC007B9992 /* CFNetwork.framework */,
				D66CC8DF1A60E6A6007B9992 /* AudioToolbox.framework */,
			);
			name = Frameworks;
			sourceTree = "<group>";
		};
		D66CC8F51A60E983007B9992 /* Models */ = {
			isa = PBXGroup;
			children = (
				D6008A281A67FD990057771A /* LPPop.h */,
				D6008A291A67FD990057771A /* LPPop.m */,
				D6AB46981A7B0004001BCCFC /* LPUserRelationship.h */,
				D6AB46991A7B0004001BCCFC /* LPUserRelationship.m */,
				718065A41A7D92F00052486D /* LPPopLike.h */,
				718065A51A7D92F00052486D /* LPPopLike.m */,
			);
			name = Models;
			sourceTree = "<group>";
		};
		D66CC8F61A60E98E007B9992 /* Views */ = {
			isa = PBXGroup;
			children = (
				D6DBD6F41A7418FF009F6FFE /* MainView */,
			);
			name = Views;
			sourceTree = "<group>";
		};
		D66CC8F71A60E9A0007B9992 /* Controllers */ = {
			isa = PBXGroup;
			children = (
				D6E6EB151A659108008085F7 /* MainView */,
				D66CC8F81A60E9AC007B9992 /* User */,
			);
			name = Controllers;
			sourceTree = "<group>";
		};
		D66CC8F81A60E9AC007B9992 /* User */ = {
			isa = PBXGroup;
			children = (
				D66CC8FA1A60E9BB007B9992 /* Profile */,
				D66CC8F91A60E9B3007B9992 /* Login */,
			);
			name = User;
			sourceTree = "<group>";
		};
		D66CC8F91A60E9B3007B9992 /* Login */ = {
			isa = PBXGroup;
			children = (
				D66CC8FF1A619A86007B9992 /* LPSignUpViewController.h */,
				D66CC9001A619A86007B9992 /* LPSignUpViewController.m */,
				D66CC9021A619A9C007B9992 /* LPSignUpDetailViewController.h */,
				D66CC9031A619A9C007B9992 /* LPSignUpDetailViewController.m */,
				D6E6EB0B1A646019008085F7 /* LPSignUpTableViewController.h */,
				D6E6EB0C1A646019008085F7 /* LPSignUpTableViewController.m */,
			);
			name = Login;
			sourceTree = "<group>";
		};
		D66CC8FA1A60E9BB007B9992 /* Profile */ = {
			isa = PBXGroup;
			children = (
				D66CC9051A619AB3007B9992 /* LPUserProfileViewController.h */,
				D66CC9061A619AB3007B9992 /* LPUserProfileViewController.m */,
				D6AB46A21A7C01A9001BCCFC /* LPFollowerTableViewController.h */,
				D6AB46A31A7C01A9001BCCFC /* LPFollowerTableViewController.m */,
			);
			name = Profile;
			sourceTree = "<group>";
		};
		D66CC8FE1A6199E8007B9992 /* Application */ = {
			isa = PBXGroup;
			children = (
				D66CC8B41A60DD8C007B9992 /* AppDelegate.h */,
				D66CC8B51A60DD8C007B9992 /* AppDelegate.m */,
			);
			name = Application;
			sourceTree = "<group>";
		};
		D66CC9081A619AEB007B9992 /* Resources */ = {
			isa = PBXGroup;
			children = (
				D66CC90D1A619E17007B9992 /* Images */,
			);
			name = Resources;
			sourceTree = "<group>";
		};
		D66CC90D1A619E17007B9992 /* Images */ = {
			isa = PBXGroup;
			children = (
				D6BD4AA31A7D77760094732A /* blur_signup_view.png */,
				D601CA7E1A798AA600344F0C /* Icons */,
				D6008A101A65A1340057771A /* TabBarIcons */,
				D66CC9101A619E97007B9992 /* signup_view_1.jpg */,
				D66CC9111A619E97007B9992 /* signup_view.jpg */,
			);
			name = Images;
			sourceTree = "<group>";
		};
		D6A5D7BA1A80083F00A631CD /* Vendors */ = {
			isa = PBXGroup;
			children = (
				D6A5D7BB1A80084600A631CD /* Libs */,
			);
			name = Vendors;
			sourceTree = "<group>";
		};
		D6A5D7BB1A80084600A631CD /* Libs */ = {
			isa = PBXGroup;
			children = (
				D6A5D7BC1A80086400A631CD /* RateView */,
			);
			name = Libs;
			sourceTree = "<group>";
		};
		D6A5D7BC1A80086400A631CD /* RateView */ = {
			isa = PBXGroup;
			children = (
				D6A5D7BD1A80087700A631CD /* RateView.h */,
				D6A5D7BE1A80087700A631CD /* RateView.m */,
			);
			name = RateView;
			sourceTree = "<group>";
		};
		D6AB468C1A7AA6F7001BCCFC /* UI */ = {
			isa = PBXGroup;
			children = (
				D6AB468D1A7AA7DB001BCCFC /* LPUIHelper.h */,
				D6AB468E1A7AA7DB001BCCFC /* LPUIHelper.m */,
			);
			name = UI;
			sourceTree = "<group>";
		};
		D6AB46901A7AA9C9001BCCFC /* Alert */ = {
			isa = PBXGroup;
			children = (
				D6AB46911A7AAA0B001BCCFC /* LPAlertViewHelper.h */,
				D6AB46921A7AAA0B001BCCFC /* LPAlertViewHelper.m */,
			);
			name = Alert;
			sourceTree = "<group>";
		};
		D6AB469B1A7B216B001BCCFC /* Settings */ = {
			isa = PBXGroup;
			children = (
				D6AB469C1A7B21B8001BCCFC /* LPSettingsViewController.h */,
				D6AB469D1A7B21B8001BCCFC /* LPSettingsViewController.m */,
			);
			name = Settings;
			sourceTree = "<group>";
		};
		D6CAF27C1A7D658000F48E6E /* User */ = {
			isa = PBXGroup;
			children = (
				D6CAF27D1A7D65A700F48E6E /* LPUserHelper.h */,
				D6CAF27E1A7D65A700F48E6E /* LPUserHelper.m */,
			);
			name = User;
			sourceTree = "<group>";
		};
		D6DBD6F41A7418FF009F6FFE /* MainView */ = {
			isa = PBXGroup;
			children = (
				D6DBD6F51A74190C009F6FFE /* Feed */,
			);
			name = MainView;
			sourceTree = "<group>";
		};
		D6DBD6F51A74190C009F6FFE /* Feed */ = {
			isa = PBXGroup;
			children = (
				D6DBD6F61A743E8F009F6FFE /* LPPopFeedTableViewCell.h */,
				D6DBD6F71A743E8F009F6FFE /* LPPopFeedTableViewCell.m */,
				D6A5D7C21A80090A00A631CD /* LPUserRatingView.h */,
				D6A5D7C31A80090A00A631CD /* LPUserRatingView.m */,
			);
			name = Feed;
			sourceTree = "<group>";
		};
		D6E6EB0E1A6470A6008085F7 /* Helpers */ = {
			isa = PBXGroup;
			children = (
				D6CAF27C1A7D658000F48E6E /* User */,
				D6AB46901A7AA9C9001BCCFC /* Alert */,
				D6AB468C1A7AA6F7001BCCFC /* UI */,
				D6E6EB121A64D6B2008085F7 /* LPFormValidator.h */,
				D6E6EB131A64D6B2008085F7 /* LPFormValidator.m */,
				D6E6EB0F1A647133008085F7 /* UIImage+ImageEffects.h */,
				D6E6EB101A647133008085F7 /* UIImage+ImageEffects.m */,
				D6008A251A675E8D0057771A /* LPPermissionValidator.h */,
				D6008A261A675E8D0057771A /* LPPermissionValidator.m */,
			);
			name = Helpers;
			sourceTree = "<group>";
		};
		D6E6EB151A659108008085F7 /* MainView */ = {
			isa = PBXGroup;
			children = (
				D6AB469B1A7B216B001BCCFC /* Settings */,
				D6008A211A67266F0057771A /* Pop */,
				D6008A1A1A6711830057771A /* Feed */,
				D6E6EB161A65914E008085F7 /* LPMainViewTabBarController.h */,
				D6E6EB171A65914E008085F7 /* LPMainViewTabBarController.m */,
			);
			name = MainView;
			sourceTree = "<group>";
		};
/* End PBXGroup section */

/* Begin PBXNativeTarget section */
		D66CC8AC1A60DD8C007B9992 /* Lopop */ = {
			isa = PBXNativeTarget;
			buildConfigurationList = D66CC8D01A60DD8C007B9992 /* Build configuration list for PBXNativeTarget "Lopop" */;
			buildPhases = (
				D66CC8A91A60DD8C007B9992 /* Sources */,
				D66CC8AA1A60DD8C007B9992 /* Frameworks */,
				D66CC8AB1A60DD8C007B9992 /* Resources */,
			);
			buildRules = (
			);
			dependencies = (
			);
			name = Lopop;
			productName = Lopop;
			productReference = D66CC8AD1A60DD8C007B9992 /* Lopop.app */;
			productType = "com.apple.product-type.application";
		};
		D66CC8C51A60DD8C007B9992 /* LopopTests */ = {
			isa = PBXNativeTarget;
			buildConfigurationList = D66CC8D31A60DD8C007B9992 /* Build configuration list for PBXNativeTarget "LopopTests" */;
			buildPhases = (
				D66CC8C21A60DD8C007B9992 /* Sources */,
				D66CC8C31A60DD8C007B9992 /* Frameworks */,
				D66CC8C41A60DD8C007B9992 /* Resources */,
			);
			buildRules = (
			);
			dependencies = (
				D66CC8C81A60DD8C007B9992 /* PBXTargetDependency */,
			);
			name = LopopTests;
			productName = LopopTests;
			productReference = D66CC8C61A60DD8C007B9992 /* LopopTests.xctest */;
			productType = "com.apple.product-type.bundle.unit-test";
		};
/* End PBXNativeTarget section */

/* Begin PBXProject section */
		D66CC8A51A60DD8C007B9992 /* Project object */ = {
			isa = PBXProject;
			attributes = {
				LastUpgradeCheck = 0610;
				ORGANIZATIONNAME = "Lopop Inc";
				TargetAttributes = {
					D66CC8AC1A60DD8C007B9992 = {
						CreatedOnToolsVersion = 6.1.1;
						DevelopmentTeam = YXU7589MR8;
					};
					D66CC8C51A60DD8C007B9992 = {
						CreatedOnToolsVersion = 6.1.1;
						TestTargetID = D66CC8AC1A60DD8C007B9992;
					};
				};
			};
			buildConfigurationList = D66CC8A81A60DD8C007B9992 /* Build configuration list for PBXProject "Lopop" */;
			compatibilityVersion = "Xcode 3.2";
			developmentRegion = English;
			hasScannedForEncodings = 0;
			knownRegions = (
				en,
				Base,
			);
			mainGroup = D66CC8A41A60DD8C007B9992;
			productRefGroup = D66CC8AE1A60DD8C007B9992 /* Products */;
			projectDirPath = "";
			projectRoot = "";
			targets = (
				D66CC8AC1A60DD8C007B9992 /* Lopop */,
				D66CC8C51A60DD8C007B9992 /* LopopTests */,
			);
		};
/* End PBXProject section */

/* Begin PBXResourcesBuildPhase section */
		D66CC8AB1A60DD8C007B9992 /* Resources */ = {
			isa = PBXResourcesBuildPhase;
			buildActionMask = 2147483647;
			files = (
				D66CC9131A619E97007B9992 /* signup_view.jpg in Resources */,
				D6A5D7E71A82A8DC00A631CD /* pop@3x.png in Resources */,
				D601CA801A798ABE00344F0C /* picture-25.png in Resources */,
				D66CC9121A619E97007B9992 /* signup_view_1.jpg in Resources */,
				D6BD4AA41A7D77760094732A /* blur_signup_view.png in Resources */,
				D683F2B31A70438C00117D36 /* plus-32.png in Resources */,
				D66CC8BC1A60DD8C007B9992 /* Main.storyboard in Resources */,
				D6A5D7DC1A8153C700A631CD /* Oval 1@3x.png in Resources */,
				D6A5D7DB1A8153C700A631CD /* Oval 1@2x.png in Resources */,
				D6A5D7E51A82A8DC00A631CD /* pop.png in Resources */,
				D6A5D7DA1A8153C700A631CD /* Oval 1.png in Resources */,
				D6A5D7E61A82A8DC00A631CD /* pop@2x.png in Resources */,
				D66CC8C11A60DD8C007B9992 /* LaunchScreen.xib in Resources */,
				D66CC8BE1A60DD8C007B9992 /* Images.xcassets in Resources */,
				D6C503211A6EB3DC00C18241 /* photo-25.png in Resources */,
			);
			runOnlyForDeploymentPostprocessing = 0;
		};
		D66CC8C41A60DD8C007B9992 /* Resources */ = {
			isa = PBXResourcesBuildPhase;
			buildActionMask = 2147483647;
			files = (
			);
			runOnlyForDeploymentPostprocessing = 0;
		};
/* End PBXResourcesBuildPhase section */

/* Begin PBXSourcesBuildPhase section */
		D66CC8A91A60DD8C007B9992 /* Sources */ = {
			isa = PBXSourcesBuildPhase;
			buildActionMask = 2147483647;
			files = (
				D6A5D7C41A80090A00A631CD /* LPUserRatingView.m in Sources */,
				D66CC9011A619A86007B9992 /* LPSignUpViewController.m in Sources */,
				D6008A2A1A67FD990057771A /* LPPop.m in Sources */,
				D6E6EB181A65914E008085F7 /* LPMainViewTabBarController.m in Sources */,
				D601CA781A76C10000344F0C /* LPPopDetailTableViewController.m in Sources */,
				D6AB46A41A7C01A9001BCCFC /* LPFollowerTableViewController.m in Sources */,
				D6E6EB0D1A646019008085F7 /* LPSignUpTableViewController.m in Sources */,
				D6AB469E1A7B21B8001BCCFC /* LPSettingsViewController.m in Sources */,
				D6E6EB141A64D6B2008085F7 /* LPFormValidator.m in Sources */,
				D683F2A51A6F459100117D36 /* LPPopCategoryTableViewController.m in Sources */,
				D6AB468F1A7AA7DB001BCCFC /* LPUIHelper.m in Sources */,
				D6008A201A6716D00057771A /* LPFeedTableViewController.m in Sources */,
				718065A61A7D92F00052486D /* LPPopLike.m in Sources */,
				D6E6EB111A647133008085F7 /* UIImage+ImageEffects.m in Sources */,
				D66CC9041A619A9C007B9992 /* LPSignUpDetailViewController.m in Sources */,
				D6A5D7DF1A8157CF00A631CD /* LPPopLocationViewController.m in Sources */,
				D66CC9071A619AB3007B9992 /* LPUserProfileViewController.m in Sources */,
				D6AB469A1A7B0004001BCCFC /* LPUserRelationship.m in Sources */,
				D6DBD6F81A743E8F009F6FFE /* LPPopFeedTableViewCell.m in Sources */,
				D66CC8B61A60DD8C007B9992 /* AppDelegate.m in Sources */,
				D6008A241A67269F0057771A /* LPNewPopTableViewController.m in Sources */,
				D6AB46931A7AAA0B001BCCFC /* LPAlertViewHelper.m in Sources */,
				D6A5D7BF1A80087700A631CD /* RateView.m in Sources */,
				D66CC8B31A60DD8C007B9992 /* main.m in Sources */,
				D6CAF27F1A7D65A700F48E6E /* LPUserHelper.m in Sources */,
				D6008A271A675E8D0057771A /* LPPermissionValidator.m in Sources */,
			);
			runOnlyForDeploymentPostprocessing = 0;
		};
		D66CC8C21A60DD8C007B9992 /* Sources */ = {
			isa = PBXSourcesBuildPhase;
			buildActionMask = 2147483647;
			files = (
				D66CC8CD1A60DD8C007B9992 /* LopopTests.m in Sources */,
			);
			runOnlyForDeploymentPostprocessing = 0;
		};
/* End PBXSourcesBuildPhase section */

/* Begin PBXTargetDependency section */
		D66CC8C81A60DD8C007B9992 /* PBXTargetDependency */ = {
			isa = PBXTargetDependency;
			target = D66CC8AC1A60DD8C007B9992 /* Lopop */;
			targetProxy = D66CC8C71A60DD8C007B9992 /* PBXContainerItemProxy */;
		};
/* End PBXTargetDependency section */

/* Begin PBXVariantGroup section */
		D66CC8BA1A60DD8C007B9992 /* Main.storyboard */ = {
			isa = PBXVariantGroup;
			children = (
				D66CC8BB1A60DD8C007B9992 /* Base */,
			);
			name = Main.storyboard;
			sourceTree = "<group>";
		};
		D66CC8BF1A60DD8C007B9992 /* LaunchScreen.xib */ = {
			isa = PBXVariantGroup;
			children = (
				D66CC8C01A60DD8C007B9992 /* Base */,
			);
			name = LaunchScreen.xib;
			sourceTree = "<group>";
		};
/* End PBXVariantGroup section */

/* Begin XCBuildConfiguration section */
		D66CC8CE1A60DD8C007B9992 /* Debug */ = {
			isa = XCBuildConfiguration;
			buildSettings = {
				ALWAYS_SEARCH_USER_PATHS = NO;
				CLANG_CXX_LANGUAGE_STANDARD = "gnu++0x";
				CLANG_CXX_LIBRARY = "libc++";
				CLANG_ENABLE_MODULES = YES;
				CLANG_ENABLE_OBJC_ARC = YES;
				CLANG_WARN_BOOL_CONVERSION = YES;
				CLANG_WARN_CONSTANT_CONVERSION = YES;
				CLANG_WARN_DIRECT_OBJC_ISA_USAGE = YES_ERROR;
				CLANG_WARN_EMPTY_BODY = YES;
				CLANG_WARN_ENUM_CONVERSION = YES;
				CLANG_WARN_INT_CONVERSION = YES;
				CLANG_WARN_OBJC_ROOT_CLASS = YES_ERROR;
				CLANG_WARN_UNREACHABLE_CODE = YES;
				CLANG_WARN__DUPLICATE_METHOD_MATCH = YES;
				"CODE_SIGN_IDENTITY[sdk=iphoneos*]" = "iPhone Developer";
				COPY_PHASE_STRIP = NO;
				ENABLE_STRICT_OBJC_MSGSEND = YES;
				GCC_C_LANGUAGE_STANDARD = gnu99;
				GCC_DYNAMIC_NO_PIC = NO;
				GCC_OPTIMIZATION_LEVEL = 0;
				GCC_PREPROCESSOR_DEFINITIONS = (
					"DEBUG=1",
					"$(inherited)",
				);
				GCC_SYMBOLS_PRIVATE_EXTERN = NO;
				GCC_WARN_64_TO_32_BIT_CONVERSION = YES;
				GCC_WARN_ABOUT_RETURN_TYPE = YES_ERROR;
				GCC_WARN_UNDECLARED_SELECTOR = YES;
				GCC_WARN_UNINITIALIZED_AUTOS = YES_AGGRESSIVE;
				GCC_WARN_UNUSED_FUNCTION = YES;
				GCC_WARN_UNUSED_VARIABLE = YES;
				IPHONEOS_DEPLOYMENT_TARGET = 8.1;
				MTL_ENABLE_DEBUG_INFO = YES;
				ONLY_ACTIVE_ARCH = YES;
				OTHER_LDFLAGS = "";
				SDKROOT = iphoneos;
			};
			name = Debug;
		};
		D66CC8CF1A60DD8C007B9992 /* Release */ = {
			isa = XCBuildConfiguration;
			buildSettings = {
				ALWAYS_SEARCH_USER_PATHS = NO;
				CLANG_CXX_LANGUAGE_STANDARD = "gnu++0x";
				CLANG_CXX_LIBRARY = "libc++";
				CLANG_ENABLE_MODULES = YES;
				CLANG_ENABLE_OBJC_ARC = YES;
				CLANG_WARN_BOOL_CONVERSION = YES;
				CLANG_WARN_CONSTANT_CONVERSION = YES;
				CLANG_WARN_DIRECT_OBJC_ISA_USAGE = YES_ERROR;
				CLANG_WARN_EMPTY_BODY = YES;
				CLANG_WARN_ENUM_CONVERSION = YES;
				CLANG_WARN_INT_CONVERSION = YES;
				CLANG_WARN_OBJC_ROOT_CLASS = YES_ERROR;
				CLANG_WARN_UNREACHABLE_CODE = YES;
				CLANG_WARN__DUPLICATE_METHOD_MATCH = YES;
				"CODE_SIGN_IDENTITY[sdk=iphoneos*]" = "iPhone Developer";
				COPY_PHASE_STRIP = YES;
				ENABLE_NS_ASSERTIONS = NO;
				ENABLE_STRICT_OBJC_MSGSEND = YES;
				GCC_C_LANGUAGE_STANDARD = gnu99;
				GCC_WARN_64_TO_32_BIT_CONVERSION = YES;
				GCC_WARN_ABOUT_RETURN_TYPE = YES_ERROR;
				GCC_WARN_UNDECLARED_SELECTOR = YES;
				GCC_WARN_UNINITIALIZED_AUTOS = YES_AGGRESSIVE;
				GCC_WARN_UNUSED_FUNCTION = YES;
				GCC_WARN_UNUSED_VARIABLE = YES;
				IPHONEOS_DEPLOYMENT_TARGET = 8.1;
				MTL_ENABLE_DEBUG_INFO = NO;
				OTHER_LDFLAGS = "";
				SDKROOT = iphoneos;
				VALIDATE_PRODUCT = YES;
			};
			name = Release;
		};
		D66CC8D11A60DD8C007B9992 /* Debug */ = {
			isa = XCBuildConfiguration;
			buildSettings = {
				ASSETCATALOG_COMPILER_APPICON_NAME = AppIcon;
				CODE_SIGN_IDENTITY = "iPhone Developer";
				"CODE_SIGN_IDENTITY[sdk=iphoneos*]" = "iPhone Developer";
				FRAMEWORK_SEARCH_PATHS = (
					"$(inherited)",
					/Users/troyling/Documents/FacebookSDK,
					"/Users/troyling/Downloads/parse-library-1.6.1",
					"(1)",
					"$(PROJECT_DIR)/Frameworks",
					"$(PROJECT_DIR)",
				);
				INFOPLIST_FILE = Lopop/Info.plist;
				LD_RUNPATH_SEARCH_PATHS = "$(inherited) @executable_path/Frameworks";
				OTHER_LDFLAGS = "-ObjC";
				PRODUCT_NAME = "$(TARGET_NAME)";
				PROVISIONING_PROFILE = "";
			};
			name = Debug;
		};
		D66CC8D21A60DD8C007B9992 /* Release */ = {
			isa = XCBuildConfiguration;
			buildSettings = {
				ASSETCATALOG_COMPILER_APPICON_NAME = AppIcon;
				CODE_SIGN_IDENTITY = "iPhone Developer";
				"CODE_SIGN_IDENTITY[sdk=iphoneos*]" = "iPhone Developer";
				FRAMEWORK_SEARCH_PATHS = (
					"$(inherited)",
					/Users/troyling/Documents/FacebookSDK,
					"/Users/troyling/Downloads/parse-library-1.6.1",
					"(1)",
					"$(PROJECT_DIR)/Frameworks",
					"$(PROJECT_DIR)",
				);
				INFOPLIST_FILE = Lopop/Info.plist;
				LD_RUNPATH_SEARCH_PATHS = "$(inherited) @executable_path/Frameworks";
				OTHER_LDFLAGS = "-ObjC";
				PRODUCT_NAME = "$(TARGET_NAME)";
				PROVISIONING_PROFILE = "";
			};
			name = Release;
		};
		D66CC8D41A60DD8C007B9992 /* Debug */ = {
			isa = XCBuildConfiguration;
			buildSettings = {
				BUNDLE_LOADER = "$(TEST_HOST)";
				FRAMEWORK_SEARCH_PATHS = (
					"$(SDKROOT)/Developer/Library/Frameworks",
					"$(inherited)",
				);
				GCC_PREPROCESSOR_DEFINITIONS = (
					"DEBUG=1",
					"$(inherited)",
				);
				INFOPLIST_FILE = LopopTests/Info.plist;
				LD_RUNPATH_SEARCH_PATHS = "$(inherited) @executable_path/Frameworks @loader_path/Frameworks";
				PRODUCT_NAME = "$(TARGET_NAME)";
				TEST_HOST = "$(BUILT_PRODUCTS_DIR)/Lopop.app/Lopop";
			};
			name = Debug;
		};
		D66CC8D51A60DD8C007B9992 /* Release */ = {
			isa = XCBuildConfiguration;
			buildSettings = {
				BUNDLE_LOADER = "$(TEST_HOST)";
				FRAMEWORK_SEARCH_PATHS = (
					"$(SDKROOT)/Developer/Library/Frameworks",
					"$(inherited)",
				);
				INFOPLIST_FILE = LopopTests/Info.plist;
				LD_RUNPATH_SEARCH_PATHS = "$(inherited) @executable_path/Frameworks @loader_path/Frameworks";
				PRODUCT_NAME = "$(TARGET_NAME)";
				TEST_HOST = "$(BUILT_PRODUCTS_DIR)/Lopop.app/Lopop";
			};
			name = Release;
		};
/* End XCBuildConfiguration section */

/* Begin XCConfigurationList section */
		D66CC8A81A60DD8C007B9992 /* Build configuration list for PBXProject "Lopop" */ = {
			isa = XCConfigurationList;
			buildConfigurations = (
				D66CC8CE1A60DD8C007B9992 /* Debug */,
				D66CC8CF1A60DD8C007B9992 /* Release */,
			);
			defaultConfigurationIsVisible = 0;
			defaultConfigurationName = Release;
		};
		D66CC8D01A60DD8C007B9992 /* Build configuration list for PBXNativeTarget "Lopop" */ = {
			isa = XCConfigurationList;
			buildConfigurations = (
				D66CC8D11A60DD8C007B9992 /* Debug */,
				D66CC8D21A60DD8C007B9992 /* Release */,
			);
			defaultConfigurationIsVisible = 0;
			defaultConfigurationName = Release;
		};
		D66CC8D31A60DD8C007B9992 /* Build configuration list for PBXNativeTarget "LopopTests" */ = {
			isa = XCConfigurationList;
			buildConfigurations = (
				D66CC8D41A60DD8C007B9992 /* Debug */,
				D66CC8D51A60DD8C007B9992 /* Release */,
			);
			defaultConfigurationIsVisible = 0;
			defaultConfigurationName = Release;
		};
/* End XCConfigurationList section */
	};
	rootObject = D66CC8A51A60DD8C007B9992 /* Project object */;
}
