// !$*UTF8*$!
{
	archiveVersion = 1;
	classes = {
	};
	objectVersion = 46;
	objects = {

/* Begin PBXBuildFile section */
		332F4B131A814D3700B186C9 /* ChatTableViewController.m in Sources */ = {isa = PBXBuildFile; fileRef = 332F4B121A814D3700B186C9 /* ChatTableViewController.m */; };
		332F4B161A818AFE00B186C9 /* ChatModel.m in Sources */ = {isa = PBXBuildFile; fileRef = 332F4B151A818AFE00B186C9 /* ChatModel.m */; };
		335FD8C51A7D740B0020B7A3 /* MessageViewController.m in Sources */ = {isa = PBXBuildFile; fileRef = 335FD8C41A7D740B0020B7A3 /* MessageViewController.m */; };
		335FD8C81A7D75960020B7A3 /* MessageModel.m in Sources */ = {isa = PBXBuildFile; fileRef = 335FD8C71A7D75960020B7A3 /* MessageModel.m */; };
		335FD8D41A7EE7AA0020B7A3 /* UIMessageTableView.m in Sources */ = {isa = PBXBuildFile; fileRef = 335FD8D31A7EE7AA0020B7A3 /* UIMessageTableView.m */; };
		718065A61A7D92F00052486D /* LPPopLike.m in Sources */ = {isa = PBXBuildFile; fileRef = 718065A51A7D92F00052486D /* LPPopLike.m */; };
		D6008A201A6716D00057771A /* LPFeedTableViewController.m in Sources */ = {isa = PBXBuildFile; fileRef = D6008A1F1A6716D00057771A /* LPFeedTableViewController.m */; };
		D6008A241A67269F0057771A /* LPNewPopTableViewController.m in Sources */ = {isa = PBXBuildFile; fileRef = D6008A231A67269F0057771A /* LPNewPopTableViewController.m */; };
		D6008A271A675E8D0057771A /* LPPermissionValidator.m in Sources */ = {isa = PBXBuildFile; fileRef = D6008A261A675E8D0057771A /* LPPermissionValidator.m */; };
		D6008A2A1A67FD990057771A /* LPPop.m in Sources */ = {isa = PBXBuildFile; fileRef = D6008A291A67FD990057771A /* LPPop.m */; };
		D601CA781A76C10000344F0C /* LPPopDetailViewController.m in Sources */ = {isa = PBXBuildFile; fileRef = D601CA771A76C10000344F0C /* LPPopDetailViewController.m */; };
		D601CA801A798ABE00344F0C /* picture-25.png in Resources */ = {isa = PBXBuildFile; fileRef = D601CA7F1A798ABE00344F0C /* picture-25.png */; };
		D601CA821A79B1C300344F0C /* Firebase.framework in Frameworks */ = {isa = PBXBuildFile; fileRef = D601CA811A79B1C300344F0C /* Firebase.framework */; };
		D601CA841A79B1FA00344F0C /* libicucore.dylib in Frameworks */ = {isa = PBXBuildFile; fileRef = D601CA831A79B1FA00344F0C /* libicucore.dylib */; };
		D601CA861A79B20300344F0C /* libc++.dylib in Frameworks */ = {isa = PBXBuildFile; fileRef = D601CA851A79B20300344F0C /* libc++.dylib */; };
		D601CA881A79B3A100344F0C /* Social.framework in Frameworks */ = {isa = PBXBuildFile; fileRef = D601CA871A79B3A100344F0C /* Social.framework */; };
		D601CA8A1A79B3A800344F0C /* Accounts.framework in Frameworks */ = {isa = PBXBuildFile; fileRef = D601CA891A79B3A800344F0C /* Accounts.framework */; };
		D609A5491A8E5B8800800F3E /* LPSocialHelper.m in Sources */ = {isa = PBXBuildFile; fileRef = D609A5481A8E5B8800800F3E /* LPSocialHelper.m */; };
		D62217451A8D3C6A00C999E4 /* libWeChatSDK.a in Frameworks */ = {isa = PBXBuildFile; fileRef = D62217421A8D3C6A00C999E4 /* libWeChatSDK.a */; };
		D62217471A8D3D9100C999E4 /* libsqlite3.0.dylib in Frameworks */ = {isa = PBXBuildFile; fileRef = D62217461A8D3D9100C999E4 /* libsqlite3.0.dylib */; };
		D661F71D1A89A2AE00E938F8 /* LPSignInViewController.m in Sources */ = {isa = PBXBuildFile; fileRef = D661F71C1A89A2AE00E938F8 /* LPSignInViewController.m */; };
		D661F7211A89ABE000E938F8 /* LPImageShowcaseViewController.m in Sources */ = {isa = PBXBuildFile; fileRef = D661F7201A89ABE000E938F8 /* LPImageShowcaseViewController.m */; };
		D66CC8B31A60DD8C007B9992 /* main.m in Sources */ = {isa = PBXBuildFile; fileRef = D66CC8B21A60DD8C007B9992 /* main.m */; };
		D66CC8B61A60DD8C007B9992 /* AppDelegate.m in Sources */ = {isa = PBXBuildFile; fileRef = D66CC8B51A60DD8C007B9992 /* AppDelegate.m */; };
		D66CC8BC1A60DD8C007B9992 /* Main.storyboard in Resources */ = {isa = PBXBuildFile; fileRef = D66CC8BA1A60DD8C007B9992 /* Main.storyboard */; };
		D66CC8BE1A60DD8C007B9992 /* Images.xcassets in Resources */ = {isa = PBXBuildFile; fileRef = D66CC8BD1A60DD8C007B9992 /* Images.xcassets */; };
		D66CC8C11A60DD8C007B9992 /* LaunchScreen.xib in Resources */ = {isa = PBXBuildFile; fileRef = D66CC8BF1A60DD8C007B9992 /* LaunchScreen.xib */; };
		D66CC8CD1A60DD8C007B9992 /* LopopTests.m in Sources */ = {isa = PBXBuildFile; fileRef = D66CC8CC1A60DD8C007B9992 /* LopopTests.m */; };
		D66CC8E01A60E6A6007B9992 /* AudioToolbox.framework in Frameworks */ = {isa = PBXBuildFile; fileRef = D66CC8DF1A60E6A6007B9992 /* AudioToolbox.framework */; };
		D66CC8E21A60E6AC007B9992 /* CFNetwork.framework in Frameworks */ = {isa = PBXBuildFile; fileRef = D66CC8E11A60E6AC007B9992 /* CFNetwork.framework */; };
		D66CC8E41A60E6B3007B9992 /* CoreGraphics.framework in Frameworks */ = {isa = PBXBuildFile; fileRef = D66CC8E31A60E6B3007B9992 /* CoreGraphics.framework */; };
		D66CC8E61A60E6BC007B9992 /* CoreLocation.framework in Frameworks */ = {isa = PBXBuildFile; fileRef = D66CC8E51A60E6BC007B9992 /* CoreLocation.framework */; };
		D66CC8E81A60E6C5007B9992 /* MobileCoreServices.framework in Frameworks */ = {isa = PBXBuildFile; fileRef = D66CC8E71A60E6C5007B9992 /* MobileCoreServices.framework */; };
		D66CC8EA1A60E6D1007B9992 /* QuartzCore.framework in Frameworks */ = {isa = PBXBuildFile; fileRef = D66CC8E91A60E6D1007B9992 /* QuartzCore.framework */; };
		D66CC8EC1A60E6D8007B9992 /* Security.framework in Frameworks */ = {isa = PBXBuildFile; fileRef = D66CC8EB1A60E6D8007B9992 /* Security.framework */; };
		D66CC8EE1A60E6DF007B9992 /* StoreKit.framework in Frameworks */ = {isa = PBXBuildFile; fileRef = D66CC8ED1A60E6DF007B9992 /* StoreKit.framework */; };
		D66CC8F01A60E6E6007B9992 /* SystemConfiguration.framework in Frameworks */ = {isa = PBXBuildFile; fileRef = D66CC8EF1A60E6E6007B9992 /* SystemConfiguration.framework */; };
		D66CC8F21A60E6ED007B9992 /* libz.dylib in Frameworks */ = {isa = PBXBuildFile; fileRef = D66CC8F11A60E6ED007B9992 /* libz.dylib */; };
		D66CC8F41A60E6F3007B9992 /* libsqlite3.dylib in Frameworks */ = {isa = PBXBuildFile; fileRef = D66CC8F31A60E6F3007B9992 /* libsqlite3.dylib */; };
		D66CC9011A619A86007B9992 /* LPSignUpViewController.m in Sources */ = {isa = PBXBuildFile; fileRef = D66CC9001A619A86007B9992 /* LPSignUpViewController.m */; };
		D66CC9041A619A9C007B9992 /* LPSignUpDetailViewController.m in Sources */ = {isa = PBXBuildFile; fileRef = D66CC9031A619A9C007B9992 /* LPSignUpDetailViewController.m */; };
		D66CC9071A619AB3007B9992 /* LPUserProfileViewController.m in Sources */ = {isa = PBXBuildFile; fileRef = D66CC9061A619AB3007B9992 /* LPUserProfileViewController.m */; };
		D66CC9121A619E97007B9992 /* signup_view_1.jpg in Resources */ = {isa = PBXBuildFile; fileRef = D66CC9101A619E97007B9992 /* signup_view_1.jpg */; };
		D66CC9131A619E97007B9992 /* signup_view.jpg in Resources */ = {isa = PBXBuildFile; fileRef = D66CC9111A619E97007B9992 /* signup_view.jpg */; };
		D683F2A51A6F459100117D36 /* LPPopCategoryTableViewController.m in Sources */ = {isa = PBXBuildFile; fileRef = D683F2A41A6F459100117D36 /* LPPopCategoryTableViewController.m */; };
		D683F2A71A6FFD3B00117D36 /* MapKit.framework in Frameworks */ = {isa = PBXBuildFile; fileRef = D683F2A61A6FFD3B00117D36 /* MapKit.framework */; };
		D683F2B31A70438C00117D36 /* plus-32.png in Resources */ = {isa = PBXBuildFile; fileRef = D683F2B21A70438C00117D36 /* plus-32.png */; };
		D6A5D7BF1A80087700A631CD /* RateView.m in Sources */ = {isa = PBXBuildFile; fileRef = D6A5D7BE1A80087700A631CD /* RateView.m */; };
		D6A5D7C41A80090A00A631CD /* LPUserRatingView.m in Sources */ = {isa = PBXBuildFile; fileRef = D6A5D7C31A80090A00A631CD /* LPUserRatingView.m */; };
		D6A5D7DA1A8153C700A631CD /* Oval 1.png in Resources */ = {isa = PBXBuildFile; fileRef = D6A5D7D71A8153C700A631CD /* Oval 1.png */; };
		D6A5D7DB1A8153C700A631CD /* Oval 1@2x.png in Resources */ = {isa = PBXBuildFile; fileRef = D6A5D7D81A8153C700A631CD /* Oval 1@2x.png */; };
		D6A5D7DC1A8153C700A631CD /* Oval 1@3x.png in Resources */ = {isa = PBXBuildFile; fileRef = D6A5D7D91A8153C700A631CD /* Oval 1@3x.png */; };
		D6A5D7DF1A8157CF00A631CD /* LPPopLocationViewController.m in Sources */ = {isa = PBXBuildFile; fileRef = D6A5D7DE1A8157CF00A631CD /* LPPopLocationViewController.m */; };
		D6A5D7E51A82A8DC00A631CD /* pop.png in Resources */ = {isa = PBXBuildFile; fileRef = D6A5D7E21A82A8DC00A631CD /* pop.png */; };
		D6A5D7E61A82A8DC00A631CD /* pop@2x.png in Resources */ = {isa = PBXBuildFile; fileRef = D6A5D7E31A82A8DC00A631CD /* pop@2x.png */; };
		D6A5D7E71A82A8DC00A631CD /* pop@3x.png in Resources */ = {isa = PBXBuildFile; fileRef = D6A5D7E41A82A8DC00A631CD /* pop@3x.png */; };
		D6AB468F1A7AA7DB001BCCFC /* LPUIHelper.m in Sources */ = {isa = PBXBuildFile; fileRef = D6AB468E1A7AA7DB001BCCFC /* LPUIHelper.m */; };
		D6AB46931A7AAA0B001BCCFC /* LPAlertViewHelper.m in Sources */ = {isa = PBXBuildFile; fileRef = D6AB46921A7AAA0B001BCCFC /* LPAlertViewHelper.m */; };
		D6AB469A1A7B0004001BCCFC /* LPUserRelationship.m in Sources */ = {isa = PBXBuildFile; fileRef = D6AB46991A7B0004001BCCFC /* LPUserRelationship.m */; };
		D6AB469E1A7B21B8001BCCFC /* LPSettingsViewController.m in Sources */ = {isa = PBXBuildFile; fileRef = D6AB469D1A7B21B8001BCCFC /* LPSettingsViewController.m */; };
		D6AB46A41A7C01A9001BCCFC /* LPFollowerTableViewController.m in Sources */ = {isa = PBXBuildFile; fileRef = D6AB46A31A7C01A9001BCCFC /* LPFollowerTableViewController.m */; };
		D6AF512E1A635CD600A02C90 /* Parse.framework in Frameworks */ = {isa = PBXBuildFile; fileRef = D6AF512B1A635CD600A02C90 /* Parse.framework */; };
		D6AF512F1A635CD600A02C90 /* ParseFacebookUtils.framework in Frameworks */ = {isa = PBXBuildFile; fileRef = D6AF512C1A635CD600A02C90 /* ParseFacebookUtils.framework */; };
		D6B9E9661A8948FD00A62D9B /* LPOffer.m in Sources */ = {isa = PBXBuildFile; fileRef = D6B9E9651A8948FD00A62D9B /* LPOffer.m */; };
		D6BD4AA41A7D77760094732A /* blur_signup_view.png in Resources */ = {isa = PBXBuildFile; fileRef = D6BD4AA31A7D77760094732A /* blur_signup_view.png */; };
		D6C503211A6EB3DC00C18241 /* photo-25.png in Resources */ = {isa = PBXBuildFile; fileRef = D6C503201A6EB3DC00C18241 /* photo-25.png */; };
		D6CAF27F1A7D65A700F48E6E /* LPUserHelper.m in Sources */ = {isa = PBXBuildFile; fileRef = D6CAF27E1A7D65A700F48E6E /* LPUserHelper.m */; };
		D6D973B11A8AA8C600A30539 /* LPListingTableViewController.m in Sources */ = {isa = PBXBuildFile; fileRef = D6D973B01A8AA8C600A30539 /* LPListingTableViewController.m */; };
		D6D973B41A8AFECA00A30539 /* LPShareViewController.m in Sources */ = {isa = PBXBuildFile; fileRef = D6D973B31A8AFECA00A30539 /* LPShareViewController.m */; };
		D6DBD6F81A743E8F009F6FFE /* LPPopFeedTableViewCell.m in Sources */ = {isa = PBXBuildFile; fileRef = D6DBD6F71A743E8F009F6FFE /* LPPopFeedTableViewCell.m */; };
		D6E6EB0D1A646019008085F7 /* LPSignUpTableViewController.m in Sources */ = {isa = PBXBuildFile; fileRef = D6E6EB0C1A646019008085F7 /* LPSignUpTableViewController.m */; };
		D6E6EB111A647133008085F7 /* UIImage+ImageEffects.m in Sources */ = {isa = PBXBuildFile; fileRef = D6E6EB101A647133008085F7 /* UIImage+ImageEffects.m */; };
		D6E6EB141A64D6B2008085F7 /* LPFormValidator.m in Sources */ = {isa = PBXBuildFile; fileRef = D6E6EB131A64D6B2008085F7 /* LPFormValidator.m */; };
		D6E6EB181A65914E008085F7 /* LPMainViewTabBarController.m in Sources */ = {isa = PBXBuildFile; fileRef = D6E6EB171A65914E008085F7 /* LPMainViewTabBarController.m */; };
		D6F5B03F1A8D648900914A3F /* libWeiboSDK.a in Frameworks */ = {isa = PBXBuildFile; fileRef = D6F5B0341A8D648900914A3F /* libWeiboSDK.a */; };
		D6F5B0401A8D648900914A3F /* WeiboSDK.bundle in Resources */ = {isa = PBXBuildFile; fileRef = D6F5B03C1A8D648900914A3F /* WeiboSDK.bundle */; };
		D6F5B0421A8D702000914A3F /* ImageIO.framework in Frameworks */ = {isa = PBXBuildFile; fileRef = D6F5B0411A8D702000914A3F /* ImageIO.framework */; };
		D6F5F82B1A8514680005758B /* BlurView.swift in Sources */ = {isa = PBXBuildFile; fileRef = D6F5F8111A8514680005758B /* BlurView.swift */; };
		D6F5F82C1A8514680005758B /* DesignableButton.swift in Sources */ = {isa = PBXBuildFile; fileRef = D6F5F8121A8514680005758B /* DesignableButton.swift */; };
		D6F5F82D1A8514680005758B /* DesignableImageView.swift in Sources */ = {isa = PBXBuildFile; fileRef = D6F5F8131A8514680005758B /* DesignableImageView.swift */; };
		D6F5F82E1A8514680005758B /* DesignableLabel.swift in Sources */ = {isa = PBXBuildFile; fileRef = D6F5F8141A8514680005758B /* DesignableLabel.swift */; };
		D6F5F82F1A8514680005758B /* DesignableTabBarController.swift in Sources */ = {isa = PBXBuildFile; fileRef = D6F5F8151A8514680005758B /* DesignableTabBarController.swift */; };
		D6F5F8301A8514680005758B /* DesignableTextField.swift in Sources */ = {isa = PBXBuildFile; fileRef = D6F5F8161A8514680005758B /* DesignableTextField.swift */; };
		D6F5F8311A8514680005758B /* DesignableTextView.swift in Sources */ = {isa = PBXBuildFile; fileRef = D6F5F8171A8514680005758B /* DesignableTextView.swift */; };
		D6F5F8321A8514680005758B /* DesignableView.swift in Sources */ = {isa = PBXBuildFile; fileRef = D6F5F8181A8514680005758B /* DesignableView.swift */; };
		D6F5F8331A8514680005758B /* ImageLoader.swift in Sources */ = {isa = PBXBuildFile; fileRef = D6F5F8191A8514680005758B /* ImageLoader.swift */; };
		D6F5F8341A8514680005758B /* Info.plist in Resources */ = {isa = PBXBuildFile; fileRef = D6F5F81A1A8514680005758B /* Info.plist */; };
		D6F5F8351A8514680005758B /* KeyboardLayoutConstraint.swift in Sources */ = {isa = PBXBuildFile; fileRef = D6F5F81B1A8514680005758B /* KeyboardLayoutConstraint.swift */; };
		D6F5F8361A8514680005758B /* LoadingView.swift in Sources */ = {isa = PBXBuildFile; fileRef = D6F5F81C1A8514680005758B /* LoadingView.swift */; };
		D6F5F8371A8514680005758B /* LoadingView.xib in Resources */ = {isa = PBXBuildFile; fileRef = D6F5F81D1A8514680005758B /* LoadingView.xib */; };
		D6F5F8381A8514680005758B /* Misc.swift in Sources */ = {isa = PBXBuildFile; fileRef = D6F5F81E1A8514680005758B /* Misc.swift */; };
		D6F5F8391A8514680005758B /* Spring.swift in Sources */ = {isa = PBXBuildFile; fileRef = D6F5F8201A8514680005758B /* Spring.swift */; };
		D6F5F83A1A8514680005758B /* SpringAnimation.swift in Sources */ = {isa = PBXBuildFile; fileRef = D6F5F8211A8514680005758B /* SpringAnimation.swift */; };
		D6F5F83B1A8514680005758B /* SpringButton.swift in Sources */ = {isa = PBXBuildFile; fileRef = D6F5F8221A8514680005758B /* SpringButton.swift */; };
		D6F5F83C1A8514680005758B /* SpringImageView.swift in Sources */ = {isa = PBXBuildFile; fileRef = D6F5F8231A8514680005758B /* SpringImageView.swift */; };
		D6F5F83D1A8514680005758B /* SpringLabel.swift in Sources */ = {isa = PBXBuildFile; fileRef = D6F5F8241A8514680005758B /* SpringLabel.swift */; };
		D6F5F83E1A8514680005758B /* SpringTextField.swift in Sources */ = {isa = PBXBuildFile; fileRef = D6F5F8251A8514680005758B /* SpringTextField.swift */; };
		D6F5F83F1A8514680005758B /* SpringTextView.swift in Sources */ = {isa = PBXBuildFile; fileRef = D6F5F8261A8514680005758B /* SpringTextView.swift */; };
		D6F5F8401A8514680005758B /* SpringView.swift in Sources */ = {isa = PBXBuildFile; fileRef = D6F5F8271A8514680005758B /* SpringView.swift */; };
		D6F5F8411A8514680005758B /* TransitionManager.swift in Sources */ = {isa = PBXBuildFile; fileRef = D6F5F8281A8514680005758B /* TransitionManager.swift */; };
		D6F5F8421A8514680005758B /* TransitionZoom.swift in Sources */ = {isa = PBXBuildFile; fileRef = D6F5F8291A8514680005758B /* TransitionZoom.swift */; };
		D6F5F8431A8514680005758B /* UnwindSegue.swift in Sources */ = {isa = PBXBuildFile; fileRef = D6F5F82A1A8514680005758B /* UnwindSegue.swift */; };
		D6F5F8471A8531740005758B /* LPMakeOfferViewController.m in Sources */ = {isa = PBXBuildFile; fileRef = D6F5F8461A8531740005758B /* LPMakeOfferViewController.m */; };
		D6F63A4B1A6C390A008D08F5 /* FacebookSDK.framework in Frameworks */ = {isa = PBXBuildFile; fileRef = D6F63A491A6C390A008D08F5 /* FacebookSDK.framework */; };
/* End PBXBuildFile section */

/* Begin PBXContainerItemProxy section */
		D66CC8C71A60DD8C007B9992 /* PBXContainerItemProxy */ = {
			isa = PBXContainerItemProxy;
			containerPortal = D66CC8A51A60DD8C007B9992 /* Project object */;
			proxyType = 1;
			remoteGlobalIDString = D66CC8AC1A60DD8C007B9992;
			remoteInfo = Lopop;
		};
/* End PBXContainerItemProxy section */

/* Begin PBXFileReference section */
		332F4B111A814D3700B186C9 /* ChatTableViewController.h */ = {isa = PBXFileReference; fileEncoding = 4; lastKnownFileType = sourcecode.c.h; name = ChatTableViewController.h; path = Controllers/MainView/Message/ChatTableViewController.h; sourceTree = "<group>"; };
		332F4B121A814D3700B186C9 /* ChatTableViewController.m */ = {isa = PBXFileReference; fileEncoding = 4; lastKnownFileType = sourcecode.c.objc; name = ChatTableViewController.m; path = Controllers/MainView/Message/ChatTableViewController.m; sourceTree = "<group>"; };
		332F4B141A818AFE00B186C9 /* ChatModel.h */ = {isa = PBXFileReference; fileEncoding = 4; lastKnownFileType = sourcecode.c.h; name = ChatModel.h; path = Controllers/MainView/Message/ChatModel.h; sourceTree = "<group>"; };
		332F4B151A818AFE00B186C9 /* ChatModel.m */ = {isa = PBXFileReference; fileEncoding = 4; lastKnownFileType = sourcecode.c.objc; name = ChatModel.m; path = Controllers/MainView/Message/ChatModel.m; sourceTree = "<group>"; };
		335FD8C31A7D740B0020B7A3 /* MessageViewController.h */ = {isa = PBXFileReference; fileEncoding = 4; lastKnownFileType = sourcecode.c.h; name = MessageViewController.h; path = Controllers/MainView/Message/MessageViewController.h; sourceTree = "<group>"; };
		335FD8C41A7D740B0020B7A3 /* MessageViewController.m */ = {isa = PBXFileReference; fileEncoding = 4; lastKnownFileType = sourcecode.c.objc; name = MessageViewController.m; path = Controllers/MainView/Message/MessageViewController.m; sourceTree = "<group>"; };
		335FD8C61A7D75960020B7A3 /* MessageModel.h */ = {isa = PBXFileReference; fileEncoding = 4; lastKnownFileType = sourcecode.c.h; name = MessageModel.h; path = Controllers/MainView/Message/MessageModel.h; sourceTree = "<group>"; };
		335FD8C71A7D75960020B7A3 /* MessageModel.m */ = {isa = PBXFileReference; fileEncoding = 4; lastKnownFileType = sourcecode.c.objc; name = MessageModel.m; path = Controllers/MainView/Message/MessageModel.m; sourceTree = "<group>"; };
		335FD8D21A7EE7AA0020B7A3 /* UIMessageTableView.h */ = {isa = PBXFileReference; fileEncoding = 4; lastKnownFileType = sourcecode.c.h; name = UIMessageTableView.h; path = Controllers/MainView/Message/UIMessageTableView.h; sourceTree = "<group>"; };
		335FD8D31A7EE7AA0020B7A3 /* UIMessageTableView.m */ = {isa = PBXFileReference; fileEncoding = 4; lastKnownFileType = sourcecode.c.objc; name = UIMessageTableView.m; path = Controllers/MainView/Message/UIMessageTableView.m; sourceTree = "<group>"; };
		718065A41A7D92F00052486D /* LPPopLike.h */ = {isa = PBXFileReference; fileEncoding = 4; lastKnownFileType = sourcecode.c.h; name = LPPopLike.h; path = Models/LPPopLike.h; sourceTree = "<group>"; };
		718065A51A7D92F00052486D /* LPPopLike.m */ = {isa = PBXFileReference; fileEncoding = 4; lastKnownFileType = sourcecode.c.objc; name = LPPopLike.m; path = Models/LPPopLike.m; sourceTree = "<group>"; };
		D6008A1E1A6716D00057771A /* LPFeedTableViewController.h */ = {isa = PBXFileReference; fileEncoding = 4; lastKnownFileType = sourcecode.c.h; name = LPFeedTableViewController.h; path = Controllers/MainView/Feed/LPFeedTableViewController.h; sourceTree = "<group>"; };
		D6008A1F1A6716D00057771A /* LPFeedTableViewController.m */ = {isa = PBXFileReference; fileEncoding = 4; lastKnownFileType = sourcecode.c.objc; name = LPFeedTableViewController.m; path = Controllers/MainView/Feed/LPFeedTableViewController.m; sourceTree = "<group>"; };
		D6008A221A67269F0057771A /* LPNewPopTableViewController.h */ = {isa = PBXFileReference; fileEncoding = 4; lastKnownFileType = sourcecode.c.h; name = LPNewPopTableViewController.h; path = Controllers/MainView/Pop/LPNewPopTableViewController.h; sourceTree = "<group>"; };
		D6008A231A67269F0057771A /* LPNewPopTableViewController.m */ = {isa = PBXFileReference; fileEncoding = 4; lastKnownFileType = sourcecode.c.objc; name = LPNewPopTableViewController.m; path = Controllers/MainView/Pop/LPNewPopTableViewController.m; sourceTree = "<group>"; };
		D6008A251A675E8D0057771A /* LPPermissionValidator.h */ = {isa = PBXFileReference; fileEncoding = 4; lastKnownFileType = sourcecode.c.h; name = LPPermissionValidator.h; path = Helpers/LPPermissionValidator.h; sourceTree = "<group>"; };
		D6008A261A675E8D0057771A /* LPPermissionValidator.m */ = {isa = PBXFileReference; fileEncoding = 4; lastKnownFileType = sourcecode.c.objc; name = LPPermissionValidator.m; path = Helpers/LPPermissionValidator.m; sourceTree = "<group>"; };
		D6008A281A67FD990057771A /* LPPop.h */ = {isa = PBXFileReference; fileEncoding = 4; lastKnownFileType = sourcecode.c.h; name = LPPop.h; path = Models/LPPop.h; sourceTree = "<group>"; };
		D6008A291A67FD990057771A /* LPPop.m */ = {isa = PBXFileReference; fileEncoding = 4; lastKnownFileType = sourcecode.c.objc; name = LPPop.m; path = Models/LPPop.m; sourceTree = "<group>"; };
		D601CA761A76C10000344F0C /* LPPopDetailViewController.h */ = {isa = PBXFileReference; fileEncoding = 4; lastKnownFileType = sourcecode.c.h; name = LPPopDetailViewController.h; path = Controllers/MainView/Feed/LPPopDetailViewController.h; sourceTree = "<group>"; };
		D601CA771A76C10000344F0C /* LPPopDetailViewController.m */ = {isa = PBXFileReference; fileEncoding = 4; lastKnownFileType = sourcecode.c.objc; name = LPPopDetailViewController.m; path = Controllers/MainView/Feed/LPPopDetailViewController.m; sourceTree = "<group>"; };
		D601CA7F1A798ABE00344F0C /* picture-25.png */ = {isa = PBXFileReference; lastKnownFileType = image.png; name = "picture-25.png"; path = "Resources/Images/TabBarIcons/picture-25.png"; sourceTree = "<group>"; };
		D601CA811A79B1C300344F0C /* Firebase.framework */ = {isa = PBXFileReference; lastKnownFileType = wrapper.framework; name = Firebase.framework; path = Frameworks/Firebase.framework; sourceTree = "<group>"; };
		D601CA831A79B1FA00344F0C /* libicucore.dylib */ = {isa = PBXFileReference; lastKnownFileType = "compiled.mach-o.dylib"; name = libicucore.dylib; path = usr/lib/libicucore.dylib; sourceTree = SDKROOT; };
		D601CA851A79B20300344F0C /* libc++.dylib */ = {isa = PBXFileReference; lastKnownFileType = "compiled.mach-o.dylib"; name = "libc++.dylib"; path = "usr/lib/libc++.dylib"; sourceTree = SDKROOT; };
		D601CA871A79B3A100344F0C /* Social.framework */ = {isa = PBXFileReference; lastKnownFileType = wrapper.framework; name = Social.framework; path = System/Library/Frameworks/Social.framework; sourceTree = SDKROOT; };
		D601CA891A79B3A800344F0C /* Accounts.framework */ = {isa = PBXFileReference; lastKnownFileType = wrapper.framework; name = Accounts.framework; path = System/Library/Frameworks/Accounts.framework; sourceTree = SDKROOT; };
		D609A5471A8E5B8800800F3E /* LPSocialHelper.h */ = {isa = PBXFileReference; fileEncoding = 4; lastKnownFileType = sourcecode.c.h; name = LPSocialHelper.h; path = Helpers/Social/LPSocialHelper.h; sourceTree = "<group>"; };
		D609A5481A8E5B8800800F3E /* LPSocialHelper.m */ = {isa = PBXFileReference; fileEncoding = 4; lastKnownFileType = sourcecode.c.objc; name = LPSocialHelper.m; path = Helpers/Social/LPSocialHelper.m; sourceTree = "<group>"; };
		D62217421A8D3C6A00C999E4 /* libWeChatSDK.a */ = {isa = PBXFileReference; lastKnownFileType = archive.ar; name = libWeChatSDK.a; path = Frameworks/WeChatSDK_1.5/libWeChatSDK.a; sourceTree = "<group>"; };
		D62217431A8D3C6A00C999E4 /* WXApi.h */ = {isa = PBXFileReference; fileEncoding = 4; lastKnownFileType = sourcecode.c.h; name = WXApi.h; path = Frameworks/WeChatSDK_1.5/WXApi.h; sourceTree = "<group>"; };
		D62217441A8D3C6A00C999E4 /* WXApiObject.h */ = {isa = PBXFileReference; fileEncoding = 4; lastKnownFileType = sourcecode.c.h; name = WXApiObject.h; path = Frameworks/WeChatSDK_1.5/WXApiObject.h; sourceTree = "<group>"; };
		D62217461A8D3D9100C999E4 /* libsqlite3.0.dylib */ = {isa = PBXFileReference; lastKnownFileType = "compiled.mach-o.dylib"; name = libsqlite3.0.dylib; path = usr/lib/libsqlite3.0.dylib; sourceTree = SDKROOT; };
		D661F71B1A89A2AE00E938F8 /* LPSignInViewController.h */ = {isa = PBXFileReference; fileEncoding = 4; lastKnownFileType = sourcecode.c.h; name = LPSignInViewController.h; path = Controllers/User/Login/LPSignInViewController.h; sourceTree = "<group>"; };
		D661F71C1A89A2AE00E938F8 /* LPSignInViewController.m */ = {isa = PBXFileReference; fileEncoding = 4; lastKnownFileType = sourcecode.c.objc; name = LPSignInViewController.m; path = Controllers/User/Login/LPSignInViewController.m; sourceTree = "<group>"; };
		D661F71F1A89ABE000E938F8 /* LPImageShowcaseViewController.h */ = {isa = PBXFileReference; fileEncoding = 4; lastKnownFileType = sourcecode.c.h; name = LPImageShowcaseViewController.h; path = Controllers/Common/LPImageShowcaseViewController.h; sourceTree = "<group>"; };
		D661F7201A89ABE000E938F8 /* LPImageShowcaseViewController.m */ = {isa = PBXFileReference; fileEncoding = 4; lastKnownFileType = sourcecode.c.objc; name = LPImageShowcaseViewController.m; path = Controllers/Common/LPImageShowcaseViewController.m; sourceTree = "<group>"; };
		D66CC8AD1A60DD8C007B9992 /* Lopop.app */ = {isa = PBXFileReference; explicitFileType = wrapper.application; includeInIndex = 0; path = Lopop.app; sourceTree = BUILT_PRODUCTS_DIR; };
		D66CC8B11A60DD8C007B9992 /* Info.plist */ = {isa = PBXFileReference; lastKnownFileType = text.plist.xml; path = Info.plist; sourceTree = "<group>"; };
		D66CC8B21A60DD8C007B9992 /* main.m */ = {isa = PBXFileReference; lastKnownFileType = sourcecode.c.objc; path = main.m; sourceTree = "<group>"; };
		D66CC8B41A60DD8C007B9992 /* AppDelegate.h */ = {isa = PBXFileReference; lastKnownFileType = sourcecode.c.h; path = AppDelegate.h; sourceTree = "<group>"; };
		D66CC8B51A60DD8C007B9992 /* AppDelegate.m */ = {isa = PBXFileReference; lastKnownFileType = sourcecode.c.objc; path = AppDelegate.m; sourceTree = "<group>"; };
		D66CC8BB1A60DD8C007B9992 /* Base */ = {isa = PBXFileReference; lastKnownFileType = file.storyboard; name = Base; path = Base.lproj/Main.storyboard; sourceTree = "<group>"; };
		D66CC8BD1A60DD8C007B9992 /* Images.xcassets */ = {isa = PBXFileReference; lastKnownFileType = folder.assetcatalog; path = Images.xcassets; sourceTree = "<group>"; };
		D66CC8C01A60DD8C007B9992 /* Base */ = {isa = PBXFileReference; lastKnownFileType = file.xib; name = Base; path = Base.lproj/LaunchScreen.xib; sourceTree = "<group>"; };
		D66CC8C61A60DD8C007B9992 /* LopopTests.xctest */ = {isa = PBXFileReference; explicitFileType = wrapper.cfbundle; includeInIndex = 0; path = LopopTests.xctest; sourceTree = BUILT_PRODUCTS_DIR; };
		D66CC8CB1A60DD8C007B9992 /* Info.plist */ = {isa = PBXFileReference; lastKnownFileType = text.plist.xml; path = Info.plist; sourceTree = "<group>"; };
		D66CC8CC1A60DD8C007B9992 /* LopopTests.m */ = {isa = PBXFileReference; lastKnownFileType = sourcecode.c.objc; path = LopopTests.m; sourceTree = "<group>"; };
		D66CC8DF1A60E6A6007B9992 /* AudioToolbox.framework */ = {isa = PBXFileReference; lastKnownFileType = wrapper.framework; name = AudioToolbox.framework; path = System/Library/Frameworks/AudioToolbox.framework; sourceTree = SDKROOT; };
		D66CC8E11A60E6AC007B9992 /* CFNetwork.framework */ = {isa = PBXFileReference; lastKnownFileType = wrapper.framework; name = CFNetwork.framework; path = System/Library/Frameworks/CFNetwork.framework; sourceTree = SDKROOT; };
		D66CC8E31A60E6B3007B9992 /* CoreGraphics.framework */ = {isa = PBXFileReference; lastKnownFileType = wrapper.framework; name = CoreGraphics.framework; path = System/Library/Frameworks/CoreGraphics.framework; sourceTree = SDKROOT; };
		D66CC8E51A60E6BC007B9992 /* CoreLocation.framework */ = {isa = PBXFileReference; lastKnownFileType = wrapper.framework; name = CoreLocation.framework; path = System/Library/Frameworks/CoreLocation.framework; sourceTree = SDKROOT; };
		D66CC8E71A60E6C5007B9992 /* MobileCoreServices.framework */ = {isa = PBXFileReference; lastKnownFileType = wrapper.framework; name = MobileCoreServices.framework; path = System/Library/Frameworks/MobileCoreServices.framework; sourceTree = SDKROOT; };
		D66CC8E91A60E6D1007B9992 /* QuartzCore.framework */ = {isa = PBXFileReference; lastKnownFileType = wrapper.framework; name = QuartzCore.framework; path = System/Library/Frameworks/QuartzCore.framework; sourceTree = SDKROOT; };
		D66CC8EB1A60E6D8007B9992 /* Security.framework */ = {isa = PBXFileReference; lastKnownFileType = wrapper.framework; name = Security.framework; path = System/Library/Frameworks/Security.framework; sourceTree = SDKROOT; };
		D66CC8ED1A60E6DF007B9992 /* StoreKit.framework */ = {isa = PBXFileReference; lastKnownFileType = wrapper.framework; name = StoreKit.framework; path = System/Library/Frameworks/StoreKit.framework; sourceTree = SDKROOT; };
		D66CC8EF1A60E6E6007B9992 /* SystemConfiguration.framework */ = {isa = PBXFileReference; lastKnownFileType = wrapper.framework; name = SystemConfiguration.framework; path = System/Library/Frameworks/SystemConfiguration.framework; sourceTree = SDKROOT; };
		D66CC8F11A60E6ED007B9992 /* libz.dylib */ = {isa = PBXFileReference; lastKnownFileType = "compiled.mach-o.dylib"; name = libz.dylib; path = usr/lib/libz.dylib; sourceTree = SDKROOT; };
		D66CC8F31A60E6F3007B9992 /* libsqlite3.dylib */ = {isa = PBXFileReference; lastKnownFileType = "compiled.mach-o.dylib"; name = libsqlite3.dylib; path = usr/lib/libsqlite3.dylib; sourceTree = SDKROOT; };
		D66CC8FF1A619A86007B9992 /* LPSignUpViewController.h */ = {isa = PBXFileReference; fileEncoding = 4; lastKnownFileType = sourcecode.c.h; name = LPSignUpViewController.h; path = Controllers/User/Login/LPSignUpViewController.h; sourceTree = "<group>"; };
		D66CC9001A619A86007B9992 /* LPSignUpViewController.m */ = {isa = PBXFileReference; fileEncoding = 4; lastKnownFileType = sourcecode.c.objc; name = LPSignUpViewController.m; path = Controllers/User/Login/LPSignUpViewController.m; sourceTree = "<group>"; };
		D66CC9021A619A9C007B9992 /* LPSignUpDetailViewController.h */ = {isa = PBXFileReference; fileEncoding = 4; lastKnownFileType = sourcecode.c.h; name = LPSignUpDetailViewController.h; path = Controllers/User/Login/LPSignUpDetailViewController.h; sourceTree = "<group>"; };
		D66CC9031A619A9C007B9992 /* LPSignUpDetailViewController.m */ = {isa = PBXFileReference; fileEncoding = 4; lastKnownFileType = sourcecode.c.objc; name = LPSignUpDetailViewController.m; path = Controllers/User/Login/LPSignUpDetailViewController.m; sourceTree = "<group>"; };
		D66CC9051A619AB3007B9992 /* LPUserProfileViewController.h */ = {isa = PBXFileReference; fileEncoding = 4; lastKnownFileType = sourcecode.c.h; name = LPUserProfileViewController.h; path = Controllers/User/Profile/LPUserProfileViewController.h; sourceTree = "<group>"; };
		D66CC9061A619AB3007B9992 /* LPUserProfileViewController.m */ = {isa = PBXFileReference; fileEncoding = 4; lastKnownFileType = sourcecode.c.objc; name = LPUserProfileViewController.m; path = Controllers/User/Profile/LPUserProfileViewController.m; sourceTree = "<group>"; };
		D66CC9101A619E97007B9992 /* signup_view_1.jpg */ = {isa = PBXFileReference; lastKnownFileType = image.jpeg; name = signup_view_1.jpg; path = Resources/Images/signup_view_1.jpg; sourceTree = "<group>"; };
		D66CC9111A619E97007B9992 /* signup_view.jpg */ = {isa = PBXFileReference; lastKnownFileType = image.jpeg; name = signup_view.jpg; path = Resources/Images/signup_view.jpg; sourceTree = "<group>"; };
		D683F2A31A6F459100117D36 /* LPPopCategoryTableViewController.h */ = {isa = PBXFileReference; fileEncoding = 4; lastKnownFileType = sourcecode.c.h; name = LPPopCategoryTableViewController.h; path = Controllers/MainView/Pop/LPPopCategoryTableViewController.h; sourceTree = "<group>"; };
		D683F2A41A6F459100117D36 /* LPPopCategoryTableViewController.m */ = {isa = PBXFileReference; fileEncoding = 4; lastKnownFileType = sourcecode.c.objc; name = LPPopCategoryTableViewController.m; path = Controllers/MainView/Pop/LPPopCategoryTableViewController.m; sourceTree = "<group>"; };
		D683F2A61A6FFD3B00117D36 /* MapKit.framework */ = {isa = PBXFileReference; lastKnownFileType = wrapper.framework; name = MapKit.framework; path = System/Library/Frameworks/MapKit.framework; sourceTree = SDKROOT; };
		D683F2B21A70438C00117D36 /* plus-32.png */ = {isa = PBXFileReference; lastKnownFileType = image.png; name = "plus-32.png"; path = "Resources/Images/TabBarIcons/plus-32.png"; sourceTree = "<group>"; };
		D6A5D7BD1A80087700A631CD /* RateView.h */ = {isa = PBXFileReference; fileEncoding = 4; lastKnownFileType = sourcecode.c.h; name = RateView.h; path = Vendors/Libs/RateView/RateView.h; sourceTree = "<group>"; };
		D6A5D7BE1A80087700A631CD /* RateView.m */ = {isa = PBXFileReference; fileEncoding = 4; lastKnownFileType = sourcecode.c.objc; name = RateView.m; path = Vendors/Libs/RateView/RateView.m; sourceTree = "<group>"; };
		D6A5D7C21A80090A00A631CD /* LPUserRatingView.h */ = {isa = PBXFileReference; fileEncoding = 4; lastKnownFileType = sourcecode.c.h; name = LPUserRatingView.h; path = Views/MainView/Feed/LPUserRatingView.h; sourceTree = "<group>"; };
		D6A5D7C31A80090A00A631CD /* LPUserRatingView.m */ = {isa = PBXFileReference; fileEncoding = 4; lastKnownFileType = sourcecode.c.objc; name = LPUserRatingView.m; path = Views/MainView/Feed/LPUserRatingView.m; sourceTree = "<group>"; };
		D6A5D7D71A8153C700A631CD /* Oval 1.png */ = {isa = PBXFileReference; lastKnownFileType = image.png; name = "Oval 1.png"; path = "Resources/Images/icons/Oval 1.png"; sourceTree = "<group>"; };
		D6A5D7D81A8153C700A631CD /* Oval 1@2x.png */ = {isa = PBXFileReference; lastKnownFileType = image.png; name = "Oval 1@2x.png"; path = "Resources/Images/icons/Oval 1@2x.png"; sourceTree = "<group>"; };
		D6A5D7D91A8153C700A631CD /* Oval 1@3x.png */ = {isa = PBXFileReference; lastKnownFileType = image.png; name = "Oval 1@3x.png"; path = "Resources/Images/icons/Oval 1@3x.png"; sourceTree = "<group>"; };
		D6A5D7DD1A8157CF00A631CD /* LPPopLocationViewController.h */ = {isa = PBXFileReference; fileEncoding = 4; lastKnownFileType = sourcecode.c.h; name = LPPopLocationViewController.h; path = Controllers/MainView/Feed/LPPopLocationViewController.h; sourceTree = "<group>"; };
		D6A5D7DE1A8157CF00A631CD /* LPPopLocationViewController.m */ = {isa = PBXFileReference; fileEncoding = 4; lastKnownFileType = sourcecode.c.objc; name = LPPopLocationViewController.m; path = Controllers/MainView/Feed/LPPopLocationViewController.m; sourceTree = "<group>"; };
		D6A5D7E21A82A8DC00A631CD /* pop.png */ = {isa = PBXFileReference; lastKnownFileType = image.png; name = pop.png; path = Resources/Images/icons/pop.png; sourceTree = "<group>"; };
		D6A5D7E31A82A8DC00A631CD /* pop@2x.png */ = {isa = PBXFileReference; lastKnownFileType = image.png; name = "pop@2x.png"; path = "Resources/Images/icons/pop@2x.png"; sourceTree = "<group>"; };
		D6A5D7E41A82A8DC00A631CD /* pop@3x.png */ = {isa = PBXFileReference; lastKnownFileType = image.png; name = "pop@3x.png"; path = "Resources/Images/icons/pop@3x.png"; sourceTree = "<group>"; };
		D6AB468D1A7AA7DB001BCCFC /* LPUIHelper.h */ = {isa = PBXFileReference; fileEncoding = 4; lastKnownFileType = sourcecode.c.h; name = LPUIHelper.h; path = Helpers/UI/LPUIHelper.h; sourceTree = "<group>"; };
		D6AB468E1A7AA7DB001BCCFC /* LPUIHelper.m */ = {isa = PBXFileReference; fileEncoding = 4; lastKnownFileType = sourcecode.c.objc; name = LPUIHelper.m; path = Helpers/UI/LPUIHelper.m; sourceTree = "<group>"; };
		D6AB46911A7AAA0B001BCCFC /* LPAlertViewHelper.h */ = {isa = PBXFileReference; fileEncoding = 4; lastKnownFileType = sourcecode.c.h; name = LPAlertViewHelper.h; path = Helpers/Alert/LPAlertViewHelper.h; sourceTree = "<group>"; };
		D6AB46921A7AAA0B001BCCFC /* LPAlertViewHelper.m */ = {isa = PBXFileReference; fileEncoding = 4; lastKnownFileType = sourcecode.c.objc; name = LPAlertViewHelper.m; path = Helpers/Alert/LPAlertViewHelper.m; sourceTree = "<group>"; };
		D6AB46981A7B0004001BCCFC /* LPUserRelationship.h */ = {isa = PBXFileReference; fileEncoding = 4; lastKnownFileType = sourcecode.c.h; name = LPUserRelationship.h; path = Models/LPUserRelationship.h; sourceTree = "<group>"; };
		D6AB46991A7B0004001BCCFC /* LPUserRelationship.m */ = {isa = PBXFileReference; fileEncoding = 4; lastKnownFileType = sourcecode.c.objc; name = LPUserRelationship.m; path = Models/LPUserRelationship.m; sourceTree = "<group>"; };
		D6AB469C1A7B21B8001BCCFC /* LPSettingsViewController.h */ = {isa = PBXFileReference; fileEncoding = 4; lastKnownFileType = sourcecode.c.h; name = LPSettingsViewController.h; path = Controllers/MainView/Settings/LPSettingsViewController.h; sourceTree = "<group>"; };
		D6AB469D1A7B21B8001BCCFC /* LPSettingsViewController.m */ = {isa = PBXFileReference; fileEncoding = 4; lastKnownFileType = sourcecode.c.objc; name = LPSettingsViewController.m; path = Controllers/MainView/Settings/LPSettingsViewController.m; sourceTree = "<group>"; };
		D6AB46A21A7C01A9001BCCFC /* LPFollowerTableViewController.h */ = {isa = PBXFileReference; fileEncoding = 4; lastKnownFileType = sourcecode.c.h; path = LPFollowerTableViewController.h; sourceTree = "<group>"; };
		D6AB46A31A7C01A9001BCCFC /* LPFollowerTableViewController.m */ = {isa = PBXFileReference; fileEncoding = 4; lastKnownFileType = sourcecode.c.objc; path = LPFollowerTableViewController.m; sourceTree = "<group>"; };
		D6AF512B1A635CD600A02C90 /* Parse.framework */ = {isa = PBXFileReference; lastKnownFileType = wrapper.framework; name = Parse.framework; path = Frameworks/Parse.framework; sourceTree = "<group>"; };
		D6AF512C1A635CD600A02C90 /* ParseFacebookUtils.framework */ = {isa = PBXFileReference; lastKnownFileType = wrapper.framework; name = ParseFacebookUtils.framework; path = Frameworks/ParseFacebookUtils.framework; sourceTree = "<group>"; };
		D6B9E9641A8948FD00A62D9B /* LPOffer.h */ = {isa = PBXFileReference; fileEncoding = 4; lastKnownFileType = sourcecode.c.h; name = LPOffer.h; path = Models/LPOffer.h; sourceTree = "<group>"; };
		D6B9E9651A8948FD00A62D9B /* LPOffer.m */ = {isa = PBXFileReference; fileEncoding = 4; lastKnownFileType = sourcecode.c.objc; name = LPOffer.m; path = Models/LPOffer.m; sourceTree = "<group>"; };
		D6BD4AA31A7D77760094732A /* blur_signup_view.png */ = {isa = PBXFileReference; lastKnownFileType = image.png; name = blur_signup_view.png; path = Resources/Images/blur_signup_view.png; sourceTree = "<group>"; };
		D6C503201A6EB3DC00C18241 /* photo-25.png */ = {isa = PBXFileReference; lastKnownFileType = image.png; name = "photo-25.png"; path = "Resources/Images/TabBarIcons/photo-25.png"; sourceTree = "<group>"; };
		D6CAF27D1A7D65A700F48E6E /* LPUserHelper.h */ = {isa = PBXFileReference; fileEncoding = 4; lastKnownFileType = sourcecode.c.h; name = LPUserHelper.h; path = Helpers/User/LPUserHelper.h; sourceTree = "<group>"; };
		D6CAF27E1A7D65A700F48E6E /* LPUserHelper.m */ = {isa = PBXFileReference; fileEncoding = 4; lastKnownFileType = sourcecode.c.objc; name = LPUserHelper.m; path = Helpers/User/LPUserHelper.m; sourceTree = "<group>"; };
		D6D973AF1A8AA8C600A30539 /* LPListingTableViewController.h */ = {isa = PBXFileReference; fileEncoding = 4; lastKnownFileType = sourcecode.c.h; name = LPListingTableViewController.h; path = Controllers/MainView/Listing/LPListingTableViewController.h; sourceTree = "<group>"; };
		D6D973B01A8AA8C600A30539 /* LPListingTableViewController.m */ = {isa = PBXFileReference; fileEncoding = 4; lastKnownFileType = sourcecode.c.objc; name = LPListingTableViewController.m; path = Controllers/MainView/Listing/LPListingTableViewController.m; sourceTree = "<group>"; };
		D6D973B21A8AFECA00A30539 /* LPShareViewController.h */ = {isa = PBXFileReference; fileEncoding = 4; lastKnownFileType = sourcecode.c.h; name = LPShareViewController.h; path = Controllers/Common/LPShareViewController.h; sourceTree = "<group>"; };
		D6D973B31A8AFECA00A30539 /* LPShareViewController.m */ = {isa = PBXFileReference; fileEncoding = 4; lastKnownFileType = sourcecode.c.objc; name = LPShareViewController.m; path = Controllers/Common/LPShareViewController.m; sourceTree = "<group>"; };
		D6DBD6F61A743E8F009F6FFE /* LPPopFeedTableViewCell.h */ = {isa = PBXFileReference; fileEncoding = 4; lastKnownFileType = sourcecode.c.h; name = LPPopFeedTableViewCell.h; path = Views/MainView/Feed/LPPopFeedTableViewCell.h; sourceTree = "<group>"; };
		D6DBD6F71A743E8F009F6FFE /* LPPopFeedTableViewCell.m */ = {isa = PBXFileReference; fileEncoding = 4; lastKnownFileType = sourcecode.c.objc; name = LPPopFeedTableViewCell.m; path = Views/MainView/Feed/LPPopFeedTableViewCell.m; sourceTree = "<group>"; };
		D6E6EB0B1A646019008085F7 /* LPSignUpTableViewController.h */ = {isa = PBXFileReference; fileEncoding = 4; lastKnownFileType = sourcecode.c.h; name = LPSignUpTableViewController.h; path = Controllers/User/Login/LPSignUpTableViewController.h; sourceTree = "<group>"; };
		D6E6EB0C1A646019008085F7 /* LPSignUpTableViewController.m */ = {isa = PBXFileReference; fileEncoding = 4; lastKnownFileType = sourcecode.c.objc; name = LPSignUpTableViewController.m; path = Controllers/User/Login/LPSignUpTableViewController.m; sourceTree = "<group>"; };
		D6E6EB0F1A647133008085F7 /* UIImage+ImageEffects.h */ = {isa = PBXFileReference; fileEncoding = 4; lastKnownFileType = sourcecode.c.h; name = "UIImage+ImageEffects.h"; path = "Helpers/UIImage+ImageEffects.h"; sourceTree = "<group>"; };
		D6E6EB101A647133008085F7 /* UIImage+ImageEffects.m */ = {isa = PBXFileReference; fileEncoding = 4; lastKnownFileType = sourcecode.c.objc; name = "UIImage+ImageEffects.m"; path = "Helpers/UIImage+ImageEffects.m"; sourceTree = "<group>"; };
		D6E6EB121A64D6B2008085F7 /* LPFormValidator.h */ = {isa = PBXFileReference; fileEncoding = 4; lastKnownFileType = sourcecode.c.h; name = LPFormValidator.h; path = Helpers/LPFormValidator.h; sourceTree = "<group>"; };
		D6E6EB131A64D6B2008085F7 /* LPFormValidator.m */ = {isa = PBXFileReference; fileEncoding = 4; lastKnownFileType = sourcecode.c.objc; name = LPFormValidator.m; path = Helpers/LPFormValidator.m; sourceTree = "<group>"; };
		D6E6EB161A65914E008085F7 /* LPMainViewTabBarController.h */ = {isa = PBXFileReference; fileEncoding = 4; lastKnownFileType = sourcecode.c.h; name = LPMainViewTabBarController.h; path = Controllers/MainView/LPMainViewTabBarController.h; sourceTree = "<group>"; };
		D6E6EB171A65914E008085F7 /* LPMainViewTabBarController.m */ = {isa = PBXFileReference; fileEncoding = 4; lastKnownFileType = sourcecode.c.objc; name = LPMainViewTabBarController.m; path = Controllers/MainView/LPMainViewTabBarController.m; sourceTree = "<group>"; };
		D6F5B0341A8D648900914A3F /* libWeiboSDK.a */ = {isa = PBXFileReference; lastKnownFileType = archive.ar; name = libWeiboSDK.a; path = Frameworks/libWeiboSDK/libWeiboSDK.a; sourceTree = "<group>"; };
		D6F5B0351A8D648900914A3F /* WBHttpRequest.h */ = {isa = PBXFileReference; fileEncoding = 4; lastKnownFileType = sourcecode.c.h; name = WBHttpRequest.h; path = Frameworks/libWeiboSDK/WBHttpRequest.h; sourceTree = "<group>"; };
		D6F5B0361A8D648900914A3F /* WBHttpRequest+WeiboShare.h */ = {isa = PBXFileReference; fileEncoding = 4; lastKnownFileType = sourcecode.c.h; name = "WBHttpRequest+WeiboShare.h"; path = "Frameworks/libWeiboSDK/WBHttpRequest+WeiboShare.h"; sourceTree = "<group>"; };
		D6F5B0371A8D648900914A3F /* WBHttpRequest+WeiboToken.h */ = {isa = PBXFileReference; fileEncoding = 4; lastKnownFileType = sourcecode.c.h; name = "WBHttpRequest+WeiboToken.h"; path = "Frameworks/libWeiboSDK/WBHttpRequest+WeiboToken.h"; sourceTree = "<group>"; };
		D6F5B0381A8D648900914A3F /* WBHttpRequest+WeiboUser.h */ = {isa = PBXFileReference; fileEncoding = 4; lastKnownFileType = sourcecode.c.h; name = "WBHttpRequest+WeiboUser.h"; path = "Frameworks/libWeiboSDK/WBHttpRequest+WeiboUser.h"; sourceTree = "<group>"; };
		D6F5B0391A8D648900914A3F /* WBSDKBasicButton.h */ = {isa = PBXFileReference; fileEncoding = 4; lastKnownFileType = sourcecode.c.h; name = WBSDKBasicButton.h; path = Frameworks/libWeiboSDK/WBSDKBasicButton.h; sourceTree = "<group>"; };
		D6F5B03A1A8D648900914A3F /* WBSDKCommentButton.h */ = {isa = PBXFileReference; fileEncoding = 4; lastKnownFileType = sourcecode.c.h; name = WBSDKCommentButton.h; path = Frameworks/libWeiboSDK/WBSDKCommentButton.h; sourceTree = "<group>"; };
		D6F5B03B1A8D648900914A3F /* WBSDKRelationshipButton.h */ = {isa = PBXFileReference; fileEncoding = 4; lastKnownFileType = sourcecode.c.h; name = WBSDKRelationshipButton.h; path = Frameworks/libWeiboSDK/WBSDKRelationshipButton.h; sourceTree = "<group>"; };
		D6F5B03C1A8D648900914A3F /* WeiboSDK.bundle */ = {isa = PBXFileReference; lastKnownFileType = "wrapper.plug-in"; name = WeiboSDK.bundle; path = Frameworks/libWeiboSDK/WeiboSDK.bundle; sourceTree = "<group>"; };
		D6F5B03D1A8D648900914A3F /* WeiboSDK.h */ = {isa = PBXFileReference; fileEncoding = 4; lastKnownFileType = sourcecode.c.h; name = WeiboSDK.h; path = Frameworks/libWeiboSDK/WeiboSDK.h; sourceTree = "<group>"; };
		D6F5B03E1A8D648900914A3F /* WeiboUser.h */ = {isa = PBXFileReference; fileEncoding = 4; lastKnownFileType = sourcecode.c.h; name = WeiboUser.h; path = Frameworks/libWeiboSDK/WeiboUser.h; sourceTree = "<group>"; };
		D6F5B0411A8D702000914A3F /* ImageIO.framework */ = {isa = PBXFileReference; lastKnownFileType = wrapper.framework; name = ImageIO.framework; path = System/Library/Frameworks/ImageIO.framework; sourceTree = SDKROOT; };
		D6F5F8111A8514680005758B /* BlurView.swift */ = {isa = PBXFileReference; fileEncoding = 4; lastKnownFileType = sourcecode.swift; name = BlurView.swift; path = Vendors/Libs/Spring/BlurView.swift; sourceTree = "<group>"; };
		D6F5F8121A8514680005758B /* DesignableButton.swift */ = {isa = PBXFileReference; fileEncoding = 4; lastKnownFileType = sourcecode.swift; name = DesignableButton.swift; path = Vendors/Libs/Spring/DesignableButton.swift; sourceTree = "<group>"; };
		D6F5F8131A8514680005758B /* DesignableImageView.swift */ = {isa = PBXFileReference; fileEncoding = 4; lastKnownFileType = sourcecode.swift; name = DesignableImageView.swift; path = Vendors/Libs/Spring/DesignableImageView.swift; sourceTree = "<group>"; };
		D6F5F8141A8514680005758B /* DesignableLabel.swift */ = {isa = PBXFileReference; fileEncoding = 4; lastKnownFileType = sourcecode.swift; name = DesignableLabel.swift; path = Vendors/Libs/Spring/DesignableLabel.swift; sourceTree = "<group>"; };
		D6F5F8151A8514680005758B /* DesignableTabBarController.swift */ = {isa = PBXFileReference; fileEncoding = 4; lastKnownFileType = sourcecode.swift; name = DesignableTabBarController.swift; path = Vendors/Libs/Spring/DesignableTabBarController.swift; sourceTree = "<group>"; };
		D6F5F8161A8514680005758B /* DesignableTextField.swift */ = {isa = PBXFileReference; fileEncoding = 4; lastKnownFileType = sourcecode.swift; name = DesignableTextField.swift; path = Vendors/Libs/Spring/DesignableTextField.swift; sourceTree = "<group>"; };
		D6F5F8171A8514680005758B /* DesignableTextView.swift */ = {isa = PBXFileReference; fileEncoding = 4; lastKnownFileType = sourcecode.swift; name = DesignableTextView.swift; path = Vendors/Libs/Spring/DesignableTextView.swift; sourceTree = "<group>"; };
		D6F5F8181A8514680005758B /* DesignableView.swift */ = {isa = PBXFileReference; fileEncoding = 4; lastKnownFileType = sourcecode.swift; name = DesignableView.swift; path = Vendors/Libs/Spring/DesignableView.swift; sourceTree = "<group>"; };
		D6F5F8191A8514680005758B /* ImageLoader.swift */ = {isa = PBXFileReference; fileEncoding = 4; lastKnownFileType = sourcecode.swift; name = ImageLoader.swift; path = Vendors/Libs/Spring/ImageLoader.swift; sourceTree = "<group>"; };
		D6F5F81A1A8514680005758B /* Info.plist */ = {isa = PBXFileReference; fileEncoding = 4; lastKnownFileType = text.plist.xml; name = Info.plist; path = Vendors/Libs/Spring/Info.plist; sourceTree = "<group>"; };
		D6F5F81B1A8514680005758B /* KeyboardLayoutConstraint.swift */ = {isa = PBXFileReference; fileEncoding = 4; lastKnownFileType = sourcecode.swift; name = KeyboardLayoutConstraint.swift; path = Vendors/Libs/Spring/KeyboardLayoutConstraint.swift; sourceTree = "<group>"; };
		D6F5F81C1A8514680005758B /* LoadingView.swift */ = {isa = PBXFileReference; fileEncoding = 4; lastKnownFileType = sourcecode.swift; name = LoadingView.swift; path = Vendors/Libs/Spring/LoadingView.swift; sourceTree = "<group>"; };
		D6F5F81D1A8514680005758B /* LoadingView.xib */ = {isa = PBXFileReference; fileEncoding = 4; lastKnownFileType = file.xib; name = LoadingView.xib; path = Vendors/Libs/Spring/LoadingView.xib; sourceTree = "<group>"; };
		D6F5F81E1A8514680005758B /* Misc.swift */ = {isa = PBXFileReference; fileEncoding = 4; lastKnownFileType = sourcecode.swift; name = Misc.swift; path = Vendors/Libs/Spring/Misc.swift; sourceTree = "<group>"; };
		D6F5F81F1A8514680005758B /* Spring.h */ = {isa = PBXFileReference; fileEncoding = 4; lastKnownFileType = sourcecode.c.h; name = Spring.h; path = Vendors/Libs/Spring/Spring.h; sourceTree = "<group>"; };
		D6F5F8201A8514680005758B /* Spring.swift */ = {isa = PBXFileReference; fileEncoding = 4; lastKnownFileType = sourcecode.swift; name = Spring.swift; path = Vendors/Libs/Spring/Spring.swift; sourceTree = "<group>"; };
		D6F5F8211A8514680005758B /* SpringAnimation.swift */ = {isa = PBXFileReference; fileEncoding = 4; lastKnownFileType = sourcecode.swift; name = SpringAnimation.swift; path = Vendors/Libs/Spring/SpringAnimation.swift; sourceTree = "<group>"; };
		D6F5F8221A8514680005758B /* SpringButton.swift */ = {isa = PBXFileReference; fileEncoding = 4; lastKnownFileType = sourcecode.swift; name = SpringButton.swift; path = Vendors/Libs/Spring/SpringButton.swift; sourceTree = "<group>"; };
		D6F5F8231A8514680005758B /* SpringImageView.swift */ = {isa = PBXFileReference; fileEncoding = 4; lastKnownFileType = sourcecode.swift; name = SpringImageView.swift; path = Vendors/Libs/Spring/SpringImageView.swift; sourceTree = "<group>"; };
		D6F5F8241A8514680005758B /* SpringLabel.swift */ = {isa = PBXFileReference; fileEncoding = 4; lastKnownFileType = sourcecode.swift; name = SpringLabel.swift; path = Vendors/Libs/Spring/SpringLabel.swift; sourceTree = "<group>"; };
		D6F5F8251A8514680005758B /* SpringTextField.swift */ = {isa = PBXFileReference; fileEncoding = 4; lastKnownFileType = sourcecode.swift; name = SpringTextField.swift; path = Vendors/Libs/Spring/SpringTextField.swift; sourceTree = "<group>"; };
		D6F5F8261A8514680005758B /* SpringTextView.swift */ = {isa = PBXFileReference; fileEncoding = 4; lastKnownFileType = sourcecode.swift; name = SpringTextView.swift; path = Vendors/Libs/Spring/SpringTextView.swift; sourceTree = "<group>"; };
		D6F5F8271A8514680005758B /* SpringView.swift */ = {isa = PBXFileReference; fileEncoding = 4; lastKnownFileType = sourcecode.swift; name = SpringView.swift; path = Vendors/Libs/Spring/SpringView.swift; sourceTree = "<group>"; };
		D6F5F8281A8514680005758B /* TransitionManager.swift */ = {isa = PBXFileReference; fileEncoding = 4; lastKnownFileType = sourcecode.swift; name = TransitionManager.swift; path = Vendors/Libs/Spring/TransitionManager.swift; sourceTree = "<group>"; };
		D6F5F8291A8514680005758B /* TransitionZoom.swift */ = {isa = PBXFileReference; fileEncoding = 4; lastKnownFileType = sourcecode.swift; name = TransitionZoom.swift; path = Vendors/Libs/Spring/TransitionZoom.swift; sourceTree = "<group>"; };
		D6F5F82A1A8514680005758B /* UnwindSegue.swift */ = {isa = PBXFileReference; fileEncoding = 4; lastKnownFileType = sourcecode.swift; name = UnwindSegue.swift; path = Vendors/Libs/Spring/UnwindSegue.swift; sourceTree = "<group>"; };
		D6F5F8451A8531740005758B /* LPMakeOfferViewController.h */ = {isa = PBXFileReference; fileEncoding = 4; lastKnownFileType = sourcecode.c.h; name = LPMakeOfferViewController.h; path = Controllers/MainView/Feed/LPMakeOfferViewController.h; sourceTree = "<group>"; };
		D6F5F8461A8531740005758B /* LPMakeOfferViewController.m */ = {isa = PBXFileReference; fileEncoding = 4; lastKnownFileType = sourcecode.c.objc; name = LPMakeOfferViewController.m; path = Controllers/MainView/Feed/LPMakeOfferViewController.m; sourceTree = "<group>"; };
		D6F63A481A6C390A008D08F5 /* Bolts.framework */ = {isa = PBXFileReference; lastKnownFileType = wrapper.framework; name = Bolts.framework; path = Frameworks/Bolts.framework; sourceTree = "<group>"; };
		D6F63A491A6C390A008D08F5 /* FacebookSDK.framework */ = {isa = PBXFileReference; lastKnownFileType = wrapper.framework; name = FacebookSDK.framework; path = Frameworks/FacebookSDK.framework; sourceTree = "<group>"; };
/* End PBXFileReference section */

/* Begin PBXFrameworksBuildPhase section */
		D66CC8AA1A60DD8C007B9992 /* Frameworks */ = {
			isa = PBXFrameworksBuildPhase;
			buildActionMask = 2147483647;
			files = (
				D6F5B0421A8D702000914A3F /* ImageIO.framework in Frameworks */,
				D62217471A8D3D9100C999E4 /* libsqlite3.0.dylib in Frameworks */,
				D601CA8A1A79B3A800344F0C /* Accounts.framework in Frameworks */,
				D601CA881A79B3A100344F0C /* Social.framework in Frameworks */,
				D601CA861A79B20300344F0C /* libc++.dylib in Frameworks */,
				D6F5B03F1A8D648900914A3F /* libWeiboSDK.a in Frameworks */,
				D601CA841A79B1FA00344F0C /* libicucore.dylib in Frameworks */,
				D683F2A71A6FFD3B00117D36 /* MapKit.framework in Frameworks */,
				D66CC8F41A60E6F3007B9992 /* libsqlite3.dylib in Frameworks */,
				D66CC8F21A60E6ED007B9992 /* libz.dylib in Frameworks */,
				D6AF512F1A635CD600A02C90 /* ParseFacebookUtils.framework in Frameworks */,
				D66CC8F01A60E6E6007B9992 /* SystemConfiguration.framework in Frameworks */,
				D66CC8EE1A60E6DF007B9992 /* StoreKit.framework in Frameworks */,
				D66CC8EC1A60E6D8007B9992 /* Security.framework in Frameworks */,
				D66CC8EA1A60E6D1007B9992 /* QuartzCore.framework in Frameworks */,
				D6AF512E1A635CD600A02C90 /* Parse.framework in Frameworks */,
				D66CC8E81A60E6C5007B9992 /* MobileCoreServices.framework in Frameworks */,
				D62217451A8D3C6A00C999E4 /* libWeChatSDK.a in Frameworks */,
				D66CC8E61A60E6BC007B9992 /* CoreLocation.framework in Frameworks */,
				D66CC8E41A60E6B3007B9992 /* CoreGraphics.framework in Frameworks */,
				D66CC8E21A60E6AC007B9992 /* CFNetwork.framework in Frameworks */,
				D66CC8E01A60E6A6007B9992 /* AudioToolbox.framework in Frameworks */,
				D6F63A4B1A6C390A008D08F5 /* FacebookSDK.framework in Frameworks */,
				D601CA821A79B1C300344F0C /* Firebase.framework in Frameworks */,
			);
			runOnlyForDeploymentPostprocessing = 0;
		};
		D66CC8C31A60DD8C007B9992 /* Frameworks */ = {
			isa = PBXFrameworksBuildPhase;
			buildActionMask = 2147483647;
			files = (
			);
			runOnlyForDeploymentPostprocessing = 0;
		};
/* End PBXFrameworksBuildPhase section */

/* Begin PBXGroup section */
		335FD8C21A7D72590020B7A3 /* Message */ = {
			isa = PBXGroup;
			children = (
				332F4B121A814D3700B186C9 /* ChatTableViewController.m */,
				332F4B111A814D3700B186C9 /* ChatTableViewController.h */,
				335FD8D21A7EE7AA0020B7A3 /* UIMessageTableView.h */,
				335FD8D31A7EE7AA0020B7A3 /* UIMessageTableView.m */,
				335FD8C31A7D740B0020B7A3 /* MessageViewController.h */,
				335FD8C41A7D740B0020B7A3 /* MessageViewController.m */,
				335FD8C61A7D75960020B7A3 /* MessageModel.h */,
				335FD8C71A7D75960020B7A3 /* MessageModel.m */,
				332F4B141A818AFE00B186C9 /* ChatModel.h */,
				332F4B151A818AFE00B186C9 /* ChatModel.m */,
			);
			name = Message;
			sourceTree = "<group>";
		};
		D6008A101A65A1340057771A /* TabBarIcons */ = {
			isa = PBXGroup;
			children = (
				D683F2B21A70438C00117D36 /* plus-32.png */,
				D6C503201A6EB3DC00C18241 /* photo-25.png */,
			);
			name = TabBarIcons;
			sourceTree = "<group>";
		};
		D6008A1A1A6711830057771A /* Feed */ = {
			isa = PBXGroup;
			children = (
				D6008A1E1A6716D00057771A /* LPFeedTableViewController.h */,
				D6008A1F1A6716D00057771A /* LPFeedTableViewController.m */,
				D601CA761A76C10000344F0C /* LPPopDetailViewController.h */,
				D601CA771A76C10000344F0C /* LPPopDetailViewController.m */,
				D6A5D7DD1A8157CF00A631CD /* LPPopLocationViewController.h */,
				D6A5D7DE1A8157CF00A631CD /* LPPopLocationViewController.m */,
				D6F5F8451A8531740005758B /* LPMakeOfferViewController.h */,
				D6F5F8461A8531740005758B /* LPMakeOfferViewController.m */,
			);
			name = Feed;
			sourceTree = "<group>";
		};
		D6008A211A67266F0057771A /* Pop */ = {
			isa = PBXGroup;
			children = (
				D6008A221A67269F0057771A /* LPNewPopTableViewController.h */,
				D6008A231A67269F0057771A /* LPNewPopTableViewController.m */,
				D683F2A31A6F459100117D36 /* LPPopCategoryTableViewController.h */,
				D683F2A41A6F459100117D36 /* LPPopCategoryTableViewController.m */,
			);
			name = Pop;
			sourceTree = "<group>";
		};
		D601CA7E1A798AA600344F0C /* Icons */ = {
			isa = PBXGroup;
			children = (
				D6A5D7E21A82A8DC00A631CD /* pop.png */,
				D6A5D7E31A82A8DC00A631CD /* pop@2x.png */,
				D6A5D7E41A82A8DC00A631CD /* pop@3x.png */,
				D6A5D7D71A8153C700A631CD /* Oval 1.png */,
				D6A5D7D81A8153C700A631CD /* Oval 1@2x.png */,
				D6A5D7D91A8153C700A631CD /* Oval 1@3x.png */,
				D601CA7F1A798ABE00344F0C /* picture-25.png */,
			);
			name = Icons;
			sourceTree = "<group>";
		};
		D609A5451A8E5B5E00800F3E /* Social */ = {
			isa = PBXGroup;
			children = (
				D609A5471A8E5B8800800F3E /* LPSocialHelper.h */,
				D609A5481A8E5B8800800F3E /* LPSocialHelper.m */,
			);
			name = Social;
			sourceTree = "<group>";
		};
		D622173B1A8D173100C999E4 /* WeChatSDK */ = {
			isa = PBXGroup;
			children = (
				D62217421A8D3C6A00C999E4 /* libWeChatSDK.a */,
				D62217431A8D3C6A00C999E4 /* WXApi.h */,
				D62217441A8D3C6A00C999E4 /* WXApiObject.h */,
			);
			name = WeChatSDK;
			sourceTree = "<group>";
		};
		D661F71E1A89AA1400E938F8 /* Common */ = {
			isa = PBXGroup;
			children = (
				D661F71F1A89ABE000E938F8 /* LPImageShowcaseViewController.h */,
				D661F7201A89ABE000E938F8 /* LPImageShowcaseViewController.m */,
				D6D973B21A8AFECA00A30539 /* LPShareViewController.h */,
				D6D973B31A8AFECA00A30539 /* LPShareViewController.m */,
			);
			name = Common;
			sourceTree = "<group>";
		};
		D66CC8A41A60DD8C007B9992 = {
			isa = PBXGroup;
			children = (
				D6A5D7BA1A80083F00A631CD /* Vendors */,
				D66CC8AF1A60DD8C007B9992 /* Lopop */,
				D66CC9081A619AEB007B9992 /* Resources */,
				D66CC8C91A60DD8C007B9992 /* LopopTests */,
				D66CC8AE1A60DD8C007B9992 /* Products */,
				D66CC8D61A60E152007B9992 /* Frameworks */,
			);
			sourceTree = "<group>";
		};
		D66CC8AE1A60DD8C007B9992 /* Products */ = {
			isa = PBXGroup;
			children = (
				D66CC8AD1A60DD8C007B9992 /* Lopop.app */,
				D66CC8C61A60DD8C007B9992 /* LopopTests.xctest */,
			);
			name = Products;
			sourceTree = "<group>";
		};
		D66CC8AF1A60DD8C007B9992 /* Lopop */ = {
			isa = PBXGroup;
			children = (
				D6E6EB0E1A6470A6008085F7 /* Helpers */,
				D66CC8FE1A6199E8007B9992 /* Application */,
				D66CC8F71A60E9A0007B9992 /* Controllers */,
				D66CC8F61A60E98E007B9992 /* Views */,
				D66CC8F51A60E983007B9992 /* Models */,
				D66CC8BA1A60DD8C007B9992 /* Main.storyboard */,
				D66CC8BD1A60DD8C007B9992 /* Images.xcassets */,
				D66CC8BF1A60DD8C007B9992 /* LaunchScreen.xib */,
				D66CC8B01A60DD8C007B9992 /* Supporting Files */,
			);
			path = Lopop;
			sourceTree = "<group>";
		};
		D66CC8B01A60DD8C007B9992 /* Supporting Files */ = {
			isa = PBXGroup;
			children = (
				D66CC8B11A60DD8C007B9992 /* Info.plist */,
				D66CC8B21A60DD8C007B9992 /* main.m */,
			);
			name = "Supporting Files";
			sourceTree = "<group>";
		};
		D66CC8C91A60DD8C007B9992 /* LopopTests */ = {
			isa = PBXGroup;
			children = (
				D66CC8CC1A60DD8C007B9992 /* LopopTests.m */,
				D66CC8CA1A60DD8C007B9992 /* Supporting Files */,
			);
			path = LopopTests;
			sourceTree = "<group>";
		};
		D66CC8CA1A60DD8C007B9992 /* Supporting Files */ = {
			isa = PBXGroup;
			children = (
				D66CC8CB1A60DD8C007B9992 /* Info.plist */,
			);
			name = "Supporting Files";
			sourceTree = "<group>";
		};
		D66CC8D61A60E152007B9992 /* Frameworks */ = {
			isa = PBXGroup;
			children = (
				D6F5B0411A8D702000914A3F /* ImageIO.framework */,
				D62217461A8D3D9100C999E4 /* libsqlite3.0.dylib */,
				D601CA891A79B3A800344F0C /* Accounts.framework */,
				D601CA871A79B3A100344F0C /* Social.framework */,
				D601CA851A79B20300344F0C /* libc++.dylib */,
				D601CA831A79B1FA00344F0C /* libicucore.dylib */,
				D601CA811A79B1C300344F0C /* Firebase.framework */,
				D683F2A61A6FFD3B00117D36 /* MapKit.framework */,
				D6F63A481A6C390A008D08F5 /* Bolts.framework */,
				D6F63A491A6C390A008D08F5 /* FacebookSDK.framework */,
				D6AF512B1A635CD600A02C90 /* Parse.framework */,
				D6AF512C1A635CD600A02C90 /* ParseFacebookUtils.framework */,
				D66CC8F31A60E6F3007B9992 /* libsqlite3.dylib */,
				D66CC8F11A60E6ED007B9992 /* libz.dylib */,
				D66CC8EF1A60E6E6007B9992 /* SystemConfiguration.framework */,
				D66CC8ED1A60E6DF007B9992 /* StoreKit.framework */,
				D66CC8EB1A60E6D8007B9992 /* Security.framework */,
				D66CC8E91A60E6D1007B9992 /* QuartzCore.framework */,
				D66CC8E71A60E6C5007B9992 /* MobileCoreServices.framework */,
				D66CC8E51A60E6BC007B9992 /* CoreLocation.framework */,
				D66CC8E31A60E6B3007B9992 /* CoreGraphics.framework */,
				D66CC8E11A60E6AC007B9992 /* CFNetwork.framework */,
				D66CC8DF1A60E6A6007B9992 /* AudioToolbox.framework */,
			);
			name = Frameworks;
			sourceTree = "<group>";
		};
		D66CC8F51A60E983007B9992 /* Models */ = {
			isa = PBXGroup;
			children = (
				D6008A281A67FD990057771A /* LPPop.h */,
				D6008A291A67FD990057771A /* LPPop.m */,
				D6AB46981A7B0004001BCCFC /* LPUserRelationship.h */,
				D6AB46991A7B0004001BCCFC /* LPUserRelationship.m */,
				718065A41A7D92F00052486D /* LPPopLike.h */,
				718065A51A7D92F00052486D /* LPPopLike.m */,
				D6B9E9641A8948FD00A62D9B /* LPOffer.h */,
				D6B9E9651A8948FD00A62D9B /* LPOffer.m */,
			);
			name = Models;
			sourceTree = "<group>";
		};
		D66CC8F61A60E98E007B9992 /* Views */ = {
			isa = PBXGroup;
			children = (
				D6DBD6F41A7418FF009F6FFE /* MainView */,
			);
			name = Views;
			sourceTree = "<group>";
		};
		D66CC8F71A60E9A0007B9992 /* Controllers */ = {
			isa = PBXGroup;
			children = (
				D661F71E1A89AA1400E938F8 /* Common */,
				D6E6EB151A659108008085F7 /* MainView */,
				D66CC8F81A60E9AC007B9992 /* User */,
			);
			name = Controllers;
			sourceTree = "<group>";
		};
		D66CC8F81A60E9AC007B9992 /* User */ = {
			isa = PBXGroup;
			children = (
				D66CC8FA1A60E9BB007B9992 /* Profile */,
				D66CC8F91A60E9B3007B9992 /* Login */,
			);
			name = User;
			sourceTree = "<group>";
		};
		D66CC8F91A60E9B3007B9992 /* Login */ = {
			isa = PBXGroup;
			children = (
				D661F71B1A89A2AE00E938F8 /* LPSignInViewController.h */,
				D661F71C1A89A2AE00E938F8 /* LPSignInViewController.m */,
				D66CC8FF1A619A86007B9992 /* LPSignUpViewController.h */,
				D66CC9001A619A86007B9992 /* LPSignUpViewController.m */,
				D66CC9021A619A9C007B9992 /* LPSignUpDetailViewController.h */,
				D66CC9031A619A9C007B9992 /* LPSignUpDetailViewController.m */,
				D6E6EB0B1A646019008085F7 /* LPSignUpTableViewController.h */,
				D6E6EB0C1A646019008085F7 /* LPSignUpTableViewController.m */,
			);
			name = Login;
			sourceTree = "<group>";
		};
		D66CC8FA1A60E9BB007B9992 /* Profile */ = {
			isa = PBXGroup;
			children = (
				D66CC9051A619AB3007B9992 /* LPUserProfileViewController.h */,
				D66CC9061A619AB3007B9992 /* LPUserProfileViewController.m */,
				D6AB46A21A7C01A9001BCCFC /* LPFollowerTableViewController.h */,
				D6AB46A31A7C01A9001BCCFC /* LPFollowerTableViewController.m */,
			);
			name = Profile;
			sourceTree = "<group>";
		};
		D66CC8FE1A6199E8007B9992 /* Application */ = {
			isa = PBXGroup;
			children = (
				D66CC8B41A60DD8C007B9992 /* AppDelegate.h */,
				D66CC8B51A60DD8C007B9992 /* AppDelegate.m */,
			);
			name = Application;
			sourceTree = "<group>";
		};
		D66CC9081A619AEB007B9992 /* Resources */ = {
			isa = PBXGroup;
			children = (
				D66CC90D1A619E17007B9992 /* Images */,
			);
			name = Resources;
			sourceTree = "<group>";
		};
		D66CC90D1A619E17007B9992 /* Images */ = {
			isa = PBXGroup;
			children = (
				D6BD4AA31A7D77760094732A /* blur_signup_view.png */,
				D601CA7E1A798AA600344F0C /* Icons */,
				D6008A101A65A1340057771A /* TabBarIcons */,
				D66CC9101A619E97007B9992 /* signup_view_1.jpg */,
				D66CC9111A619E97007B9992 /* signup_view.jpg */,
			);
			name = Images;
			sourceTree = "<group>";
		};
		D6A5D7BA1A80083F00A631CD /* Vendors */ = {
			isa = PBXGroup;
			children = (
				D6F5B0331A8D647E00914A3F /* WeiboSDK */,
				D622173B1A8D173100C999E4 /* WeChatSDK */,
				D6F5F8101A8511D70005758B /* Spring */,
				D6A5D7BB1A80084600A631CD /* Libs */,
			);
			name = Vendors;
			sourceTree = "<group>";
		};
		D6A5D7BB1A80084600A631CD /* Libs */ = {
			isa = PBXGroup;
			children = (
				D6A5D7BC1A80086400A631CD /* RateView */,
			);
			name = Libs;
			sourceTree = "<group>";
		};
		D6A5D7BC1A80086400A631CD /* RateView */ = {
			isa = PBXGroup;
			children = (
				D6A5D7BD1A80087700A631CD /* RateView.h */,
				D6A5D7BE1A80087700A631CD /* RateView.m */,
			);
			name = RateView;
			sourceTree = "<group>";
		};
		D6AB468C1A7AA6F7001BCCFC /* UI */ = {
			isa = PBXGroup;
			children = (
				D6AB468D1A7AA7DB001BCCFC /* LPUIHelper.h */,
				D6AB468E1A7AA7DB001BCCFC /* LPUIHelper.m */,
			);
			name = UI;
			sourceTree = "<group>";
		};
		D6AB46901A7AA9C9001BCCFC /* Alert */ = {
			isa = PBXGroup;
			children = (
				D6AB46911A7AAA0B001BCCFC /* LPAlertViewHelper.h */,
				D6AB46921A7AAA0B001BCCFC /* LPAlertViewHelper.m */,
			);
			name = Alert;
			sourceTree = "<group>";
		};
		D6AB469B1A7B216B001BCCFC /* Settings */ = {
			isa = PBXGroup;
			children = (
				D6AB469C1A7B21B8001BCCFC /* LPSettingsViewController.h */,
				D6AB469D1A7B21B8001BCCFC /* LPSettingsViewController.m */,
			);
			name = Settings;
			sourceTree = "<group>";
		};
		D6CAF27C1A7D658000F48E6E /* User */ = {
			isa = PBXGroup;
			children = (
				D6CAF27D1A7D65A700F48E6E /* LPUserHelper.h */,
				D6CAF27E1A7D65A700F48E6E /* LPUserHelper.m */,
			);
			name = User;
			sourceTree = "<group>";
		};
		D6D973AE1A8AA8A600A30539 /* Listing */ = {
			isa = PBXGroup;
			children = (
				D6D973AF1A8AA8C600A30539 /* LPListingTableViewController.h */,
				D6D973B01A8AA8C600A30539 /* LPListingTableViewController.m */,
			);
			name = Listing;
			sourceTree = "<group>";
		};
		D6DBD6F41A7418FF009F6FFE /* MainView */ = {
			isa = PBXGroup;
			children = (
				D6DBD6F51A74190C009F6FFE /* Feed */,
			);
			name = MainView;
			sourceTree = "<group>";
		};
		D6DBD6F51A74190C009F6FFE /* Feed */ = {
			isa = PBXGroup;
			children = (
				D6DBD6F61A743E8F009F6FFE /* LPPopFeedTableViewCell.h */,
				D6DBD6F71A743E8F009F6FFE /* LPPopFeedTableViewCell.m */,
				D6A5D7C21A80090A00A631CD /* LPUserRatingView.h */,
				D6A5D7C31A80090A00A631CD /* LPUserRatingView.m */,
			);
			name = Feed;
			sourceTree = "<group>";
		};
		D6E6EB0E1A6470A6008085F7 /* Helpers */ = {
			isa = PBXGroup;
			children = (
				D609A5451A8E5B5E00800F3E /* Social */,
				D6CAF27C1A7D658000F48E6E /* User */,
				D6AB46901A7AA9C9001BCCFC /* Alert */,
				D6AB468C1A7AA6F7001BCCFC /* UI */,
				D6E6EB121A64D6B2008085F7 /* LPFormValidator.h */,
				D6E6EB131A64D6B2008085F7 /* LPFormValidator.m */,
				D6E6EB0F1A647133008085F7 /* UIImage+ImageEffects.h */,
				D6E6EB101A647133008085F7 /* UIImage+ImageEffects.m */,
				D6008A251A675E8D0057771A /* LPPermissionValidator.h */,
				D6008A261A675E8D0057771A /* LPPermissionValidator.m */,
			);
			name = Helpers;
			sourceTree = "<group>";
		};
		D6E6EB151A659108008085F7 /* MainView */ = {
			isa = PBXGroup;
			children = (
				D6D973AE1A8AA8A600A30539 /* Listing */,
				335FD8C21A7D72590020B7A3 /* Message */,
				D6AB469B1A7B216B001BCCFC /* Settings */,
				D6008A211A67266F0057771A /* Pop */,
				D6008A1A1A6711830057771A /* Feed */,
				D6E6EB161A65914E008085F7 /* LPMainViewTabBarController.h */,
				D6E6EB171A65914E008085F7 /* LPMainViewTabBarController.m */,
			);
			name = MainView;
			sourceTree = "<group>";
		};
		D6F5B0331A8D647E00914A3F /* WeiboSDK */ = {
			isa = PBXGroup;
			children = (
				D6F5B0341A8D648900914A3F /* libWeiboSDK.a */,
				D6F5B0351A8D648900914A3F /* WBHttpRequest.h */,
				D6F5B0361A8D648900914A3F /* WBHttpRequest+WeiboShare.h */,
				D6F5B0371A8D648900914A3F /* WBHttpRequest+WeiboToken.h */,
				D6F5B0381A8D648900914A3F /* WBHttpRequest+WeiboUser.h */,
				D6F5B0391A8D648900914A3F /* WBSDKBasicButton.h */,
				D6F5B03A1A8D648900914A3F /* WBSDKCommentButton.h */,
				D6F5B03B1A8D648900914A3F /* WBSDKRelationshipButton.h */,
				D6F5B03C1A8D648900914A3F /* WeiboSDK.bundle */,
				D6F5B03D1A8D648900914A3F /* WeiboSDK.h */,
				D6F5B03E1A8D648900914A3F /* WeiboUser.h */,
			);
			name = WeiboSDK;
			sourceTree = "<group>";
		};
		D6F5F8101A8511D70005758B /* Spring */ = {
			isa = PBXGroup;
			children = (
				D6F5F8111A8514680005758B /* BlurView.swift */,
				D6F5F8121A8514680005758B /* DesignableButton.swift */,
				D6F5F8131A8514680005758B /* DesignableImageView.swift */,
				D6F5F8141A8514680005758B /* DesignableLabel.swift */,
				D6F5F8151A8514680005758B /* DesignableTabBarController.swift */,
				D6F5F8161A8514680005758B /* DesignableTextField.swift */,
				D6F5F8171A8514680005758B /* DesignableTextView.swift */,
				D6F5F8181A8514680005758B /* DesignableView.swift */,
				D6F5F8191A8514680005758B /* ImageLoader.swift */,
				D6F5F81A1A8514680005758B /* Info.plist */,
				D6F5F81B1A8514680005758B /* KeyboardLayoutConstraint.swift */,
				D6F5F81C1A8514680005758B /* LoadingView.swift */,
				D6F5F81D1A8514680005758B /* LoadingView.xib */,
				D6F5F81E1A8514680005758B /* Misc.swift */,
				D6F5F81F1A8514680005758B /* Spring.h */,
				D6F5F8201A8514680005758B /* Spring.swift */,
				D6F5F8211A8514680005758B /* SpringAnimation.swift */,
				D6F5F8221A8514680005758B /* SpringButton.swift */,
				D6F5F8231A8514680005758B /* SpringImageView.swift */,
				D6F5F8241A8514680005758B /* SpringLabel.swift */,
				D6F5F8251A8514680005758B /* SpringTextField.swift */,
				D6F5F8261A8514680005758B /* SpringTextView.swift */,
				D6F5F8271A8514680005758B /* SpringView.swift */,
				D6F5F8281A8514680005758B /* TransitionManager.swift */,
				D6F5F8291A8514680005758B /* TransitionZoom.swift */,
				D6F5F82A1A8514680005758B /* UnwindSegue.swift */,
			);
			name = Spring;
			sourceTree = "<group>";
		};
/* End PBXGroup section */

/* Begin PBXNativeTarget section */
		D66CC8AC1A60DD8C007B9992 /* Lopop */ = {
			isa = PBXNativeTarget;
			buildConfigurationList = D66CC8D01A60DD8C007B9992 /* Build configuration list for PBXNativeTarget "Lopop" */;
			buildPhases = (
				D66CC8A91A60DD8C007B9992 /* Sources */,
				D66CC8AA1A60DD8C007B9992 /* Frameworks */,
				D66CC8AB1A60DD8C007B9992 /* Resources */,
			);
			buildRules = (
			);
			dependencies = (
			);
			name = Lopop;
			productName = Lopop;
			productReference = D66CC8AD1A60DD8C007B9992 /* Lopop.app */;
			productType = "com.apple.product-type.application";
		};
		D66CC8C51A60DD8C007B9992 /* LopopTests */ = {
			isa = PBXNativeTarget;
			buildConfigurationList = D66CC8D31A60DD8C007B9992 /* Build configuration list for PBXNativeTarget "LopopTests" */;
			buildPhases = (
				D66CC8C21A60DD8C007B9992 /* Sources */,
				D66CC8C31A60DD8C007B9992 /* Frameworks */,
				D66CC8C41A60DD8C007B9992 /* Resources */,
			);
			buildRules = (
			);
			dependencies = (
				D66CC8C81A60DD8C007B9992 /* PBXTargetDependency */,
			);
			name = LopopTests;
			productName = LopopTests;
			productReference = D66CC8C61A60DD8C007B9992 /* LopopTests.xctest */;
			productType = "com.apple.product-type.bundle.unit-test";
		};
/* End PBXNativeTarget section */

/* Begin PBXProject section */
		D66CC8A51A60DD8C007B9992 /* Project object */ = {
			isa = PBXProject;
			attributes = {
				LastUpgradeCheck = 0610;
				ORGANIZATIONNAME = "Lopop Inc";
				TargetAttributes = {
					D66CC8AC1A60DD8C007B9992 = {
						CreatedOnToolsVersion = 6.1.1;
						DevelopmentTeam = YXU7589MR8;
					};
					D66CC8C51A60DD8C007B9992 = {
						CreatedOnToolsVersion = 6.1.1;
						TestTargetID = D66CC8AC1A60DD8C007B9992;
					};
				};
			};
			buildConfigurationList = D66CC8A81A60DD8C007B9992 /* Build configuration list for PBXProject "Lopop" */;
			compatibilityVersion = "Xcode 3.2";
			developmentRegion = English;
			hasScannedForEncodings = 0;
			knownRegions = (
				en,
				Base,
			);
			mainGroup = D66CC8A41A60DD8C007B9992;
			productRefGroup = D66CC8AE1A60DD8C007B9992 /* Products */;
			projectDirPath = "";
			projectRoot = "";
			targets = (
				D66CC8AC1A60DD8C007B9992 /* Lopop */,
				D66CC8C51A60DD8C007B9992 /* LopopTests */,
			);
		};
/* End PBXProject section */

/* Begin PBXResourcesBuildPhase section */
		D66CC8AB1A60DD8C007B9992 /* Resources */ = {
			isa = PBXResourcesBuildPhase;
			buildActionMask = 2147483647;
			files = (
				D6F5F8341A8514680005758B /* Info.plist in Resources */,
				D66CC9131A619E97007B9992 /* signup_view.jpg in Resources */,
				D6A5D7E71A82A8DC00A631CD /* pop@3x.png in Resources */,
				D601CA801A798ABE00344F0C /* picture-25.png in Resources */,
				D66CC9121A619E97007B9992 /* signup_view_1.jpg in Resources */,
				D6F5B0401A8D648900914A3F /* WeiboSDK.bundle in Resources */,
				D6BD4AA41A7D77760094732A /* blur_signup_view.png in Resources */,
				D683F2B31A70438C00117D36 /* plus-32.png in Resources */,
				D66CC8BC1A60DD8C007B9992 /* Main.storyboard in Resources */,
				D6A5D7DC1A8153C700A631CD /* Oval 1@3x.png in Resources */,
				D6A5D7DB1A8153C700A631CD /* Oval 1@2x.png in Resources */,
				D6A5D7E51A82A8DC00A631CD /* pop.png in Resources */,
				D6F5F8371A8514680005758B /* LoadingView.xib in Resources */,
				D6A5D7DA1A8153C700A631CD /* Oval 1.png in Resources */,
				D6A5D7E61A82A8DC00A631CD /* pop@2x.png in Resources */,
				D66CC8C11A60DD8C007B9992 /* LaunchScreen.xib in Resources */,
				D66CC8BE1A60DD8C007B9992 /* Images.xcassets in Resources */,
				D6C503211A6EB3DC00C18241 /* photo-25.png in Resources */,
			);
			runOnlyForDeploymentPostprocessing = 0;
		};
		D66CC8C41A60DD8C007B9992 /* Resources */ = {
			isa = PBXResourcesBuildPhase;
			buildActionMask = 2147483647;
			files = (
			);
			runOnlyForDeploymentPostprocessing = 0;
		};
/* End PBXResourcesBuildPhase section */

/* Begin PBXSourcesBuildPhase section */
		D66CC8A91A60DD8C007B9992 /* Sources */ = {
			isa = PBXSourcesBuildPhase;
			buildActionMask = 2147483647;
			files = (
				335FD8D41A7EE7AA0020B7A3 /* UIMessageTableView.m in Sources */,
				D6A5D7C41A80090A00A631CD /* LPUserRatingView.m in Sources */,
				D66CC9011A619A86007B9992 /* LPSignUpViewController.m in Sources */,
				D6008A2A1A67FD990057771A /* LPPop.m in Sources */,
				D6E6EB181A65914E008085F7 /* LPMainViewTabBarController.m in Sources */,
				D601CA781A76C10000344F0C /* LPPopDetailViewController.m in Sources */,
				D6F5F8401A8514680005758B /* SpringView.swift in Sources */,
				D6F5F8391A8514680005758B /* Spring.swift in Sources */,
				D6F5F8361A8514680005758B /* LoadingView.swift in Sources */,
				D6F5F8351A8514680005758B /* KeyboardLayoutConstraint.swift in Sources */,
				D6F5F83E1A8514680005758B /* SpringTextField.swift in Sources */,
				D6F5F82D1A8514680005758B /* DesignableImageView.swift in Sources */,
				D6F5F82B1A8514680005758B /* BlurView.swift in Sources */,
				D6F5F8431A8514680005758B /* UnwindSegue.swift in Sources */,
				D6F5F8331A8514680005758B /* ImageLoader.swift in Sources */,
				D661F71D1A89A2AE00E938F8 /* LPSignInViewController.m in Sources */,
				D6F5F83F1A8514680005758B /* SpringTextView.swift in Sources */,
				D6AB46A41A7C01A9001BCCFC /* LPFollowerTableViewController.m in Sources */,
				D6F5F8421A8514680005758B /* TransitionZoom.swift in Sources */,
				D6E6EB0D1A646019008085F7 /* LPSignUpTableViewController.m in Sources */,
				D6AB469E1A7B21B8001BCCFC /* LPSettingsViewController.m in Sources */,
				D6F5F82E1A8514680005758B /* DesignableLabel.swift in Sources */,
				D6F5F8301A8514680005758B /* DesignableTextField.swift in Sources */,
				D6F5F83D1A8514680005758B /* SpringLabel.swift in Sources */,
				D6D973B41A8AFECA00A30539 /* LPShareViewController.m in Sources */,
				D6E6EB141A64D6B2008085F7 /* LPFormValidator.m in Sources */,
				D683F2A51A6F459100117D36 /* LPPopCategoryTableViewController.m in Sources */,
				D6AB468F1A7AA7DB001BCCFC /* LPUIHelper.m in Sources */,
				D6F5F8411A8514680005758B /* TransitionManager.swift in Sources */,
				D661F7211A89ABE000E938F8 /* LPImageShowcaseViewController.m in Sources */,
				D6F5F8311A8514680005758B /* DesignableTextView.swift in Sources */,
				D6F5F8321A8514680005758B /* DesignableView.swift in Sources */,
				D6008A201A6716D00057771A /* LPFeedTableViewController.m in Sources */,
				335FD8C81A7D75960020B7A3 /* MessageModel.m in Sources */,
				718065A61A7D92F00052486D /* LPPopLike.m in Sources */,
				D6F5F83C1A8514680005758B /* SpringImageView.swift in Sources */,
				D6E6EB111A647133008085F7 /* UIImage+ImageEffects.m in Sources */,
				335FD8C51A7D740B0020B7A3 /* MessageViewController.m in Sources */,
				332F4B131A814D3700B186C9 /* ChatTableViewController.m in Sources */,
				D66CC9041A619A9C007B9992 /* LPSignUpDetailViewController.m in Sources */,
				332F4B161A818AFE00B186C9 /* ChatModel.m in Sources */,
				D6A5D7DF1A8157CF00A631CD /* LPPopLocationViewController.m in Sources */,
				D66CC9071A619AB3007B9992 /* LPUserProfileViewController.m in Sources */,
				D6F5F83A1A8514680005758B /* SpringAnimation.swift in Sources */,
				D6AB469A1A7B0004001BCCFC /* LPUserRelationship.m in Sources */,
				D6F5F8471A8531740005758B /* LPMakeOfferViewController.m in Sources */,
				D6DBD6F81A743E8F009F6FFE /* LPPopFeedTableViewCell.m in Sources */,
				D66CC8B61A60DD8C007B9992 /* AppDelegate.m in Sources */,
				D6F5F8381A8514680005758B /* Misc.swift in Sources */,
				D6F5F83B1A8514680005758B /* SpringButton.swift in Sources */,
				D6008A241A67269F0057771A /* LPNewPopTableViewController.m in Sources */,
				D6AB46931A7AAA0B001BCCFC /* LPAlertViewHelper.m in Sources */,
				D6F5F82C1A8514680005758B /* DesignableButton.swift in Sources */,
				D6D973B11A8AA8C600A30539 /* LPListingTableViewController.m in Sources */,
				D6B9E9661A8948FD00A62D9B /* LPOffer.m in Sources */,
				D6A5D7BF1A80087700A631CD /* RateView.m in Sources */,
				D66CC8B31A60DD8C007B9992 /* main.m in Sources */,
				D6F5F82F1A8514680005758B /* DesignableTabBarController.swift in Sources */,
				D6CAF27F1A7D65A700F48E6E /* LPUserHelper.m in Sources */,
				D609A5491A8E5B8800800F3E /* LPSocialHelper.m in Sources */,
				D6008A271A675E8D0057771A /* LPPermissionValidator.m in Sources */,
			);
			runOnlyForDeploymentPostprocessing = 0;
		};
		D66CC8C21A60DD8C007B9992 /* Sources */ = {
			isa = PBXSourcesBuildPhase;
			buildActionMask = 2147483647;
			files = (
				D66CC8CD1A60DD8C007B9992 /* LopopTests.m in Sources */,
			);
			runOnlyForDeploymentPostprocessing = 0;
		};
/* End PBXSourcesBuildPhase section */

/* Begin PBXTargetDependency section */
		D66CC8C81A60DD8C007B9992 /* PBXTargetDependency */ = {
			isa = PBXTargetDependency;
			target = D66CC8AC1A60DD8C007B9992 /* Lopop */;
			targetProxy = D66CC8C71A60DD8C007B9992 /* PBXContainerItemProxy */;
		};
/* End PBXTargetDependency section */

/* Begin PBXVariantGroup section */
		D66CC8BA1A60DD8C007B9992 /* Main.storyboard */ = {
			isa = PBXVariantGroup;
			children = (
				D66CC8BB1A60DD8C007B9992 /* Base */,
			);
			name = Main.storyboard;
			sourceTree = "<group>";
		};
		D66CC8BF1A60DD8C007B9992 /* LaunchScreen.xib */ = {
			isa = PBXVariantGroup;
			children = (
				D66CC8C01A60DD8C007B9992 /* Base */,
			);
			name = LaunchScreen.xib;
			sourceTree = "<group>";
		};
/* End PBXVariantGroup section */

/* Begin XCBuildConfiguration section */
		D66CC8CE1A60DD8C007B9992 /* Debug */ = {
			isa = XCBuildConfiguration;
			buildSettings = {
				ALWAYS_SEARCH_USER_PATHS = NO;
				CLANG_CXX_LANGUAGE_STANDARD = "gnu++0x";
				CLANG_CXX_LIBRARY = "libc++";
				CLANG_ENABLE_MODULES = YES;
				CLANG_ENABLE_OBJC_ARC = YES;
				CLANG_WARN_BOOL_CONVERSION = YES;
				CLANG_WARN_CONSTANT_CONVERSION = YES;
				CLANG_WARN_DIRECT_OBJC_ISA_USAGE = YES_ERROR;
				CLANG_WARN_EMPTY_BODY = YES;
				CLANG_WARN_ENUM_CONVERSION = YES;
				CLANG_WARN_INT_CONVERSION = YES;
				CLANG_WARN_OBJC_ROOT_CLASS = YES_ERROR;
				CLANG_WARN_UNREACHABLE_CODE = YES;
				CLANG_WARN__DUPLICATE_METHOD_MATCH = YES;
				"CODE_SIGN_IDENTITY[sdk=iphoneos*]" = "iPhone Developer";
				COPY_PHASE_STRIP = NO;
				ENABLE_STRICT_OBJC_MSGSEND = YES;
				GCC_C_LANGUAGE_STANDARD = gnu99;
				GCC_DYNAMIC_NO_PIC = NO;
				GCC_OPTIMIZATION_LEVEL = 0;
				GCC_PREPROCESSOR_DEFINITIONS = (
					"DEBUG=1",
					"$(inherited)",
				);
				GCC_SYMBOLS_PRIVATE_EXTERN = NO;
				GCC_WARN_64_TO_32_BIT_CONVERSION = YES;
				GCC_WARN_ABOUT_RETURN_TYPE = YES_ERROR;
				GCC_WARN_UNDECLARED_SELECTOR = YES;
				GCC_WARN_UNINITIALIZED_AUTOS = YES_AGGRESSIVE;
				GCC_WARN_UNUSED_FUNCTION = YES;
				GCC_WARN_UNUSED_VARIABLE = YES;
				IPHONEOS_DEPLOYMENT_TARGET = 8.1;
				MTL_ENABLE_DEBUG_INFO = YES;
				ONLY_ACTIVE_ARCH = YES;
				OTHER_LDFLAGS = "";
				SDKROOT = iphoneos;
			};
			name = Debug;
		};
		D66CC8CF1A60DD8C007B9992 /* Release */ = {
			isa = XCBuildConfiguration;
			buildSettings = {
				ALWAYS_SEARCH_USER_PATHS = NO;
				CLANG_CXX_LANGUAGE_STANDARD = "gnu++0x";
				CLANG_CXX_LIBRARY = "libc++";
				CLANG_ENABLE_MODULES = YES;
				CLANG_ENABLE_OBJC_ARC = YES;
				CLANG_WARN_BOOL_CONVERSION = YES;
				CLANG_WARN_CONSTANT_CONVERSION = YES;
				CLANG_WARN_DIRECT_OBJC_ISA_USAGE = YES_ERROR;
				CLANG_WARN_EMPTY_BODY = YES;
				CLANG_WARN_ENUM_CONVERSION = YES;
				CLANG_WARN_INT_CONVERSION = YES;
				CLANG_WARN_OBJC_ROOT_CLASS = YES_ERROR;
				CLANG_WARN_UNREACHABLE_CODE = YES;
				CLANG_WARN__DUPLICATE_METHOD_MATCH = YES;
				"CODE_SIGN_IDENTITY[sdk=iphoneos*]" = "iPhone Developer";
				COPY_PHASE_STRIP = YES;
				ENABLE_NS_ASSERTIONS = NO;
				ENABLE_STRICT_OBJC_MSGSEND = YES;
				GCC_C_LANGUAGE_STANDARD = gnu99;
				GCC_WARN_64_TO_32_BIT_CONVERSION = YES;
				GCC_WARN_ABOUT_RETURN_TYPE = YES_ERROR;
				GCC_WARN_UNDECLARED_SELECTOR = YES;
				GCC_WARN_UNINITIALIZED_AUTOS = YES_AGGRESSIVE;
				GCC_WARN_UNUSED_FUNCTION = YES;
				GCC_WARN_UNUSED_VARIABLE = YES;
				IPHONEOS_DEPLOYMENT_TARGET = 8.1;
				MTL_ENABLE_DEBUG_INFO = NO;
				OTHER_LDFLAGS = "";
				SDKROOT = iphoneos;
				VALIDATE_PRODUCT = YES;
			};
			name = Release;
		};
		D66CC8D11A60DD8C007B9992 /* Debug */ = {
			isa = XCBuildConfiguration;
			buildSettings = {
				ASSETCATALOG_COMPILER_APPICON_NAME = AppIcon;
				CLANG_ENABLE_MODULES = YES;
				CODE_SIGN_IDENTITY = "iPhone Developer";
				"CODE_SIGN_IDENTITY[sdk=iphoneos*]" = "iPhone Developer";
				FRAMEWORK_SEARCH_PATHS = (
					"$(inherited)",
					/Users/troyling/Documents/FacebookSDK,
					"(1)",
					"$(PROJECT_DIR)/Frameworks",
					"$(PROJECT_DIR)",
				);
				INFOPLIST_FILE = Lopop/Info.plist;
				LD_RUNPATH_SEARCH_PATHS = "$(inherited) @executable_path/Frameworks";
				LIBRARY_SEARCH_PATHS = (
					"$(inherited)",
					"$(PROJECT_DIR)/Frameworks/WeChatSDK_1.5",
					"$(PROJECT_DIR)/Frameworks/libWeiboSDK",
				);
				OTHER_LDFLAGS = "-ObjC";
				PRODUCT_NAME = "$(TARGET_NAME)";
				PROVISIONING_PROFILE = "";
				SWIFT_OPTIMIZATION_LEVEL = "-Onone";
			};
			name = Debug;
		};
		D66CC8D21A60DD8C007B9992 /* Release */ = {
			isa = XCBuildConfiguration;
			buildSettings = {
				ASSETCATALOG_COMPILER_APPICON_NAME = AppIcon;
				CLANG_ENABLE_MODULES = YES;
				CODE_SIGN_IDENTITY = "iPhone Developer";
				"CODE_SIGN_IDENTITY[sdk=iphoneos*]" = "iPhone Developer";
				FRAMEWORK_SEARCH_PATHS = (
					"$(inherited)",
					/Users/troyling/Documents/FacebookSDK,
					"(1)",
					"$(PROJECT_DIR)/Frameworks",
					"$(PROJECT_DIR)",
				);
				INFOPLIST_FILE = Lopop/Info.plist;
				LD_RUNPATH_SEARCH_PATHS = "$(inherited) @executable_path/Frameworks";
				LIBRARY_SEARCH_PATHS = (
					"$(inherited)",
					"$(PROJECT_DIR)/Frameworks/WeChatSDK_1.5",
					"$(PROJECT_DIR)/Frameworks/libWeiboSDK",
				);
				OTHER_LDFLAGS = "-ObjC";
				PRODUCT_NAME = "$(TARGET_NAME)";
				PROVISIONING_PROFILE = "";
			};
			name = Release;
		};
		D66CC8D41A60DD8C007B9992 /* Debug */ = {
			isa = XCBuildConfiguration;
			buildSettings = {
				BUNDLE_LOADER = "$(TEST_HOST)";
				FRAMEWORK_SEARCH_PATHS = (
					"$(SDKROOT)/Developer/Library/Frameworks",
					"$(inherited)",
				);
				GCC_PREPROCESSOR_DEFINITIONS = (
					"DEBUG=1",
					"$(inherited)",
				);
				INFOPLIST_FILE = LopopTests/Info.plist;
				LD_RUNPATH_SEARCH_PATHS = "$(inherited) @executable_path/Frameworks @loader_path/Frameworks";
				PRODUCT_NAME = "$(TARGET_NAME)";
				TEST_HOST = "$(BUILT_PRODUCTS_DIR)/Lopop.app/Lopop";
			};
			name = Debug;
		};
		D66CC8D51A60DD8C007B9992 /* Release */ = {
			isa = XCBuildConfiguration;
			buildSettings = {
				BUNDLE_LOADER = "$(TEST_HOST)";
				FRAMEWORK_SEARCH_PATHS = (
					"$(SDKROOT)/Developer/Library/Frameworks",
					"$(inherited)",
				);
				INFOPLIST_FILE = LopopTests/Info.plist;
				LD_RUNPATH_SEARCH_PATHS = "$(inherited) @executable_path/Frameworks @loader_path/Frameworks";
				PRODUCT_NAME = "$(TARGET_NAME)";
				TEST_HOST = "$(BUILT_PRODUCTS_DIR)/Lopop.app/Lopop";
			};
			name = Release;
		};
/* End XCBuildConfiguration section */

/* Begin XCConfigurationList section */
		D66CC8A81A60DD8C007B9992 /* Build configuration list for PBXProject "Lopop" */ = {
			isa = XCConfigurationList;
			buildConfigurations = (
				D66CC8CE1A60DD8C007B9992 /* Debug */,
				D66CC8CF1A60DD8C007B9992 /* Release */,
			);
			defaultConfigurationIsVisible = 0;
			defaultConfigurationName = Release;
		};
		D66CC8D01A60DD8C007B9992 /* Build configuration list for PBXNativeTarget "Lopop" */ = {
			isa = XCConfigurationList;
			buildConfigurations = (
				D66CC8D11A60DD8C007B9992 /* Debug */,
				D66CC8D21A60DD8C007B9992 /* Release */,
			);
			defaultConfigurationIsVisible = 0;
			defaultConfigurationName = Release;
		};
		D66CC8D31A60DD8C007B9992 /* Build configuration list for PBXNativeTarget "LopopTests" */ = {
			isa = XCConfigurationList;
			buildConfigurations = (
				D66CC8D41A60DD8C007B9992 /* Debug */,
				D66CC8D51A60DD8C007B9992 /* Release */,
			);
			defaultConfigurationIsVisible = 0;
			defaultConfigurationName = Release;
		};
/* End XCConfigurationList section */
	};
	rootObject = D66CC8A51A60DD8C007B9992 /* Project object */;
}
